// !$*UTF8*$!
{
	archiveVersion = 1;
	classes = {
	};
	objectVersion = 46;
	objects = {

/* Begin PBXBuildFile section */
		4305D7FB1EAE12BD0085CAA3 /* StoreKitTransactionObserver.swift in Sources */ = {isa = PBXBuildFile; fileRef = 4305D7FA1EAE12BD0085CAA3 /* StoreKitTransactionObserver.swift */; };
		43128DD11EC38A3600DBA2EE /* PurchaseSetTests.swift in Sources */ = {isa = PBXBuildFile; fileRef = 43128DCF1EC38A3000DBA2EE /* PurchaseSetTests.swift */; };
		4314B25B2082C2BF00ECC35C /* LocalizedPeriodUnits.stringsdict in Resources */ = {isa = PBXBuildFile; fileRef = 4314B25D2082C2BF00ECC35C /* LocalizedPeriodUnits.stringsdict */; };
		4314B25F2082C5B400ECC35C /* LocalizedResources.swift in Sources */ = {isa = PBXBuildFile; fileRef = 4314B25E2082C5B400ECC35C /* LocalizedResources.swift */; };
		4314B2622082C6A300ECC35C /* LocalizedResourcesTests.swift in Sources */ = {isa = PBXBuildFile; fileRef = 4314B2602082C67C00ECC35C /* LocalizedResourcesTests.swift */; };
		4314B2652082CF5600ECC35C /* SubscriptionPeriodFormatterTests.swift in Sources */ = {isa = PBXBuildFile; fileRef = 4314B2632082CEC800ECC35C /* SubscriptionPeriodFormatterTests.swift */; };
		4314B2672082D17E00ECC35C /* StringUtilities.swift in Sources */ = {isa = PBXBuildFile; fileRef = 4314B2662082D17E00ECC35C /* StringUtilities.swift */; };
		431C1FF51F5E0815009E2CD7 /* LocalReceiptPayloadParserTests.swift in Sources */ = {isa = PBXBuildFile; fileRef = 431C1FF31F5E07D9009E2CD7 /* LocalReceiptPayloadParserTests.swift */; };
		431C84451EC1D2C50098516E /* PurchaseSet.swift in Sources */ = {isa = PBXBuildFile; fileRef = 431C84441EC1D2C50098516E /* PurchaseSet.swift */; };
		431C84491EC1E3490098516E /* MerchantKit.h in Headers */ = {isa = PBXBuildFile; fileRef = 431C84471EC1E3490098516E /* MerchantKit.h */; settings = {ATTRIBUTES = (Public, ); }; };
		432133B61EAE2FEA0096919B /* AvailablePurchasesTask.swift in Sources */ = {isa = PBXBuildFile; fileRef = 432133B51EAE2FEA0096919B /* AvailablePurchasesTask.swift */; };
		432133B81EAE311E0096919B /* MerchantTask.swift in Sources */ = {isa = PBXBuildFile; fileRef = 432133B71EAE311E0096919B /* MerchantTask.swift */; };
		432133BA1EAE36170096919B /* Purchase.swift in Sources */ = {isa = PBXBuildFile; fileRef = 432133B91EAE36170096919B /* Purchase.swift */; };
		432133BC1EAE39640096919B /* Price.swift in Sources */ = {isa = PBXBuildFile; fileRef = 432133BB1EAE39640096919B /* Price.swift */; };
		432133BE1EAE3DFB0096919B /* Result.swift in Sources */ = {isa = PBXBuildFile; fileRef = 432133BD1EAE3DFB0096919B /* Result.swift */; };
		4329BE4A1EB8A43400052D3E /* MerchantTaskUtilities.swift in Sources */ = {isa = PBXBuildFile; fileRef = 4329BE491EB8A43400052D3E /* MerchantTaskUtilities.swift */; };
		4337A8951EB1EC2B00EAF633 /* ServerReceiptResponseParser.swift in Sources */ = {isa = PBXBuildFile; fileRef = 4337A8941EB1EC2B00EAF633 /* ServerReceiptResponseParser.swift */; };
		4337A8971EB1F1CA00EAF633 /* ServerReceiptResponseParserTests.swift in Sources */ = {isa = PBXBuildFile; fileRef = 4337A8961EB1F1CA00EAF633 /* ServerReceiptResponseParserTests.swift */; };
		4337A8991EB1F1EB00EAF633 /* testSubscriptionReceiptResponse.json in Resources */ = {isa = PBXBuildFile; fileRef = 4337A8981EB1F1EB00EAF633 /* testSubscriptionReceiptResponse.json */; };
		4337A89B1EB1FAAD00EAF633 /* BucketsTests.swift in Sources */ = {isa = PBXBuildFile; fileRef = 4337A89A1EB1FAAD00EAF633 /* BucketsTests.swift */; };
		4337A89D1EB1FE3300EAF633 /* PurchaseRecordTests.swift in Sources */ = {isa = PBXBuildFile; fileRef = 4337A89C1EB1FE3300EAF633 /* PurchaseRecordTests.swift */; };
		4337A8A31EB2433A00EAF633 /* EphemeralPurchaseStorage.swift in Sources */ = {isa = PBXBuildFile; fileRef = 4337A8A21EB2433A00EAF633 /* EphemeralPurchaseStorage.swift */; };
		434202801EAE09100012983A /* Merchant.swift in Sources */ = {isa = PBXBuildFile; fileRef = 434202771EAE09100012983A /* Merchant.swift */; };
		434202811EAE09100012983A /* PurchaseRecord.swift in Sources */ = {isa = PBXBuildFile; fileRef = 434202781EAE09100012983A /* PurchaseRecord.swift */; };
		434202821EAE09100012983A /* PurchaseStorage.swift in Sources */ = {isa = PBXBuildFile; fileRef = 434202791EAE09100012983A /* PurchaseStorage.swift */; };
		434202831EAE09100012983A /* UserDefaultsPurchaseStorage.swift in Sources */ = {isa = PBXBuildFile; fileRef = 4342027A1EAE09100012983A /* UserDefaultsPurchaseStorage.swift */; };
		434202841EAE09100012983A /* Product.swift in Sources */ = {isa = PBXBuildFile; fileRef = 4342027B1EAE09100012983A /* Product.swift */; };
		434202851EAE09100012983A /* PurchasedState.swift in Sources */ = {isa = PBXBuildFile; fileRef = 4342027C1EAE09100012983A /* PurchasedState.swift */; };
		434202861EAE09100012983A /* ServerReceiptValidator.swift in Sources */ = {isa = PBXBuildFile; fileRef = 4342027D1EAE09100012983A /* ServerReceiptValidator.swift */; };
		434202871EAE09100012983A /* Receipt.swift in Sources */ = {isa = PBXBuildFile; fileRef = 4342027E1EAE09100012983A /* Receipt.swift */; };
		434202881EAE09100012983A /* LocalConfiguration.swift in Sources */ = {isa = PBXBuildFile; fileRef = 4342027F1EAE09100012983A /* LocalConfiguration.swift */; };
		4350D4761EB3931300DA47C5 /* RestorePurchasesTask.swift in Sources */ = {isa = PBXBuildFile; fileRef = 4350D4751EB3931300DA47C5 /* RestorePurchasesTask.swift */; };
		435418E92080DEA300FB3833 /* SubscriptionPeriod.swift in Sources */ = {isa = PBXBuildFile; fileRef = 435418E82080DEA300FB3833 /* SubscriptionPeriod.swift */; };
		436CE12E1EAE4B5B00AB41CD /* DescriptionUtilities.swift in Sources */ = {isa = PBXBuildFile; fileRef = 436CE12D1EAE4B5B00AB41CD /* DescriptionUtilities.swift */; };
		436CE1301EAE7B6400AB41CD /* PriceFormatter.swift in Sources */ = {isa = PBXBuildFile; fileRef = 436CE12F1EAE7B6400AB41CD /* PriceFormatter.swift */; };
		436CE1321EAEA55D00AB41CD /* DateUtilities.swift in Sources */ = {isa = PBXBuildFile; fileRef = 436CE1311EAEA55D00AB41CD /* DateUtilities.swift */; };
		436CE1341EAF3D5200AB41CD /* CommitPurchaseTask.swift in Sources */ = {isa = PBXBuildFile; fileRef = 436CE1331EAF3D5200AB41CD /* CommitPurchaseTask.swift */; };
		436CE13E1EAF462B00AB41CD /* MerchantProductObserver.swift in Sources */ = {isa = PBXBuildFile; fileRef = 436CE13D1EAF462B00AB41CD /* MerchantProductObserver.swift */; };
		436CE1501EB0A5B900AB41CD /* ConstructedReceipt.swift in Sources */ = {isa = PBXBuildFile; fileRef = 436CE14F1EB0A5B900AB41CD /* ConstructedReceipt.swift */; };
		436CE1521EB0A61200AB41CD /* Buckets.swift in Sources */ = {isa = PBXBuildFile; fileRef = 436CE1511EB0A61200AB41CD /* Buckets.swift */; };
		436CE1541EB0B3F600AB41CD /* StoreKitReceiptDataFetcher.swift in Sources */ = {isa = PBXBuildFile; fileRef = 436CE1531EB0B3F600AB41CD /* StoreKitReceiptDataFetcher.swift */; };
		436CE1561EB0C0D300AB41CD /* KeychainPurchaseStorage.swift in Sources */ = {isa = PBXBuildFile; fileRef = 436CE1551EB0C0D300AB41CD /* KeychainPurchaseStorage.swift */; };
		436CE15C1EB0E0C200AB41CD /* MerchantDelegate.swift in Sources */ = {isa = PBXBuildFile; fileRef = 436CE15B1EB0E0C200AB41CD /* MerchantDelegate.swift */; };
		436CE15F1EB0EF3D00AB41CD /* Foundation.framework in Frameworks */ = {isa = PBXBuildFile; fileRef = 436CE15E1EB0EF3D00AB41CD /* Foundation.framework */; };
		436CE1611EB0EF4100AB41CD /* StoreKit.framework in Frameworks */ = {isa = PBXBuildFile; fileRef = 436CE1601EB0EF4100AB41CD /* StoreKit.framework */; };
		436EA3BD1ED5B336005F3B3B /* LocalReceiptValidator.swift in Sources */ = {isa = PBXBuildFile; fileRef = 436EA3BC1ED5B336005F3B3B /* LocalReceiptValidator.swift */; };
		436EA3BF1ED5B3E4005F3B3B /* Security.framework in Frameworks */ = {isa = PBXBuildFile; fileRef = 436EA3BE1ED5B3E4005F3B3B /* Security.framework */; };
		438C5D2F2080BD5400D303C8 /* SubscriptionPeriodFormatter.swift in Sources */ = {isa = PBXBuildFile; fileRef = 438C5D2E2080BD5400D303C8 /* SubscriptionPeriodFormatter.swift */; };
		438C9DA81F548E7A00C5F0E0 /* ReceiptValidationRequest.swift in Sources */ = {isa = PBXBuildFile; fileRef = 438C9DA71F548E7A00C5F0E0 /* ReceiptValidationRequest.swift */; };
		43B0F3491F5C6CF300D4039A /* LocalReceiptPayloadParser.swift in Sources */ = {isa = PBXBuildFile; fileRef = 43B0F3481F5C6CF300D4039A /* LocalReceiptPayloadParser.swift */; };
		43D0AD7820724EF400F25597 /* DebuggingStateTask.swift in Sources */ = {isa = PBXBuildFile; fileRef = 43D0AD7720724EF400F25597 /* DebuggingStateTask.swift */; };
		43D0AD7A2072545F00F25597 /* ServerReceiptVerificationDataFetcher.swift in Sources */ = {isa = PBXBuildFile; fileRef = 43D0AD792072545F00F25597 /* ServerReceiptVerificationDataFetcher.swift */; };
		43D4FE6F207F7E8700AEA92F /* SubscriptionTerms.swift in Sources */ = {isa = PBXBuildFile; fileRef = 43D4FE6E207F7E8700AEA92F /* SubscriptionTerms.swift */; };
		43DBC1091F26283700DB4B25 /* PurchaseInterfaceController.swift in Sources */ = {isa = PBXBuildFile; fileRef = 43DBC1081F26283700DB4B25 /* PurchaseInterfaceController.swift */; };
		43DBC10B1F26288500DB4B25 /* NetworkAvailabilityCenter.swift in Sources */ = {isa = PBXBuildFile; fileRef = 43DBC10A1F26288500DB4B25 /* NetworkAvailabilityCenter.swift */; };
		43EB5CB020723C33007D1F94 /* PKCS7Container.swift in Sources */ = {isa = PBXBuildFile; fileRef = 43EB5CAF20723C33007D1F94 /* PKCS7Container.swift */; };
		43F1E7581F5DAB5F00A112D4 /* ASN1ReceiptAttributeSet.swift in Sources */ = {isa = PBXBuildFile; fileRef = 43F1E7571F5DAB5F00A112D4 /* ASN1ReceiptAttributeSet.swift */; };
		43F1E75A1F5DABC300A112D4 /* ASN1Format.swift in Sources */ = {isa = PBXBuildFile; fileRef = 43F1E7591F5DABC300A112D4 /* ASN1Format.swift */; };
/* End PBXBuildFile section */

/* Begin PBXContainerItemProxy section */
		434202681EAE08F80012983A /* PBXContainerItemProxy */ = {
			isa = PBXContainerItemProxy;
			containerPortal = 434202541EAE08F80012983A /* Project object */;
			proxyType = 1;
			remoteGlobalIDString = 4342025C1EAE08F80012983A;
			remoteInfo = MerchantKit;
		};
/* End PBXContainerItemProxy section */

/* Begin PBXCopyFilesBuildPhase section */
		43B0F2891F5C5A1C00D4039A /* Copy Files */ = {
			isa = PBXCopyFilesBuildPhase;
			buildActionMask = 2147483647;
			dstPath = "";
			dstSubfolderSpec = 11;
			files = (
			);
			name = "Copy Files";
			runOnlyForDeploymentPostprocessing = 0;
		};
/* End PBXCopyFilesBuildPhase section */

/* Begin PBXFileReference section */
		4305D7FA1EAE12BD0085CAA3 /* StoreKitTransactionObserver.swift */ = {isa = PBXFileReference; fileEncoding = 4; lastKnownFileType = sourcecode.swift; path = StoreKitTransactionObserver.swift; sourceTree = "<group>"; };
		43128DCF1EC38A3000DBA2EE /* PurchaseSetTests.swift */ = {isa = PBXFileReference; fileEncoding = 4; lastKnownFileType = sourcecode.swift; path = PurchaseSetTests.swift; sourceTree = "<group>"; };
		4314B25C2082C2BF00ECC35C /* en */ = {isa = PBXFileReference; lastKnownFileType = text.plist.stringsdict; name = en; path = en.lproj/LocalizedPeriodUnits.stringsdict; sourceTree = "<group>"; };
		4314B25E2082C5B400ECC35C /* LocalizedResources.swift */ = {isa = PBXFileReference; lastKnownFileType = sourcecode.swift; path = LocalizedResources.swift; sourceTree = "<group>"; };
		4314B2602082C67C00ECC35C /* LocalizedResourcesTests.swift */ = {isa = PBXFileReference; lastKnownFileType = sourcecode.swift; path = LocalizedResourcesTests.swift; sourceTree = "<group>"; };
		4314B2632082CEC800ECC35C /* SubscriptionPeriodFormatterTests.swift */ = {isa = PBXFileReference; lastKnownFileType = sourcecode.swift; path = SubscriptionPeriodFormatterTests.swift; sourceTree = "<group>"; };
		4314B2662082D17E00ECC35C /* StringUtilities.swift */ = {isa = PBXFileReference; lastKnownFileType = sourcecode.swift; path = StringUtilities.swift; sourceTree = "<group>"; };
		431C1FF31F5E07D9009E2CD7 /* LocalReceiptPayloadParserTests.swift */ = {isa = PBXFileReference; lastKnownFileType = sourcecode.swift; path = LocalReceiptPayloadParserTests.swift; sourceTree = "<group>"; };
		431C84441EC1D2C50098516E /* PurchaseSet.swift */ = {isa = PBXFileReference; fileEncoding = 4; lastKnownFileType = sourcecode.swift; path = PurchaseSet.swift; sourceTree = "<group>"; };
		431C84461EC1E3490098516E /* Info.plist */ = {isa = PBXFileReference; fileEncoding = 4; lastKnownFileType = text.plist.xml; name = Info.plist; path = Source/Info.plist; sourceTree = "<group>"; };
		431C84471EC1E3490098516E /* MerchantKit.h */ = {isa = PBXFileReference; fileEncoding = 4; lastKnownFileType = sourcecode.c.h; name = MerchantKit.h; path = Source/MerchantKit.h; sourceTree = "<group>"; };
		432133B51EAE2FEA0096919B /* AvailablePurchasesTask.swift */ = {isa = PBXFileReference; fileEncoding = 4; lastKnownFileType = sourcecode.swift; path = AvailablePurchasesTask.swift; sourceTree = "<group>"; };
		432133B71EAE311E0096919B /* MerchantTask.swift */ = {isa = PBXFileReference; fileEncoding = 4; lastKnownFileType = sourcecode.swift; path = MerchantTask.swift; sourceTree = "<group>"; };
		432133B91EAE36170096919B /* Purchase.swift */ = {isa = PBXFileReference; fileEncoding = 4; lastKnownFileType = sourcecode.swift; path = Purchase.swift; sourceTree = "<group>"; };
		432133BB1EAE39640096919B /* Price.swift */ = {isa = PBXFileReference; fileEncoding = 4; lastKnownFileType = sourcecode.swift; path = Price.swift; sourceTree = "<group>"; };
		432133BD1EAE3DFB0096919B /* Result.swift */ = {isa = PBXFileReference; fileEncoding = 4; lastKnownFileType = sourcecode.swift; path = Result.swift; sourceTree = "<group>"; };
		4329BE491EB8A43400052D3E /* MerchantTaskUtilities.swift */ = {isa = PBXFileReference; fileEncoding = 4; lastKnownFileType = sourcecode.swift; path = MerchantTaskUtilities.swift; sourceTree = "<group>"; };
		4337A8941EB1EC2B00EAF633 /* ServerReceiptResponseParser.swift */ = {isa = PBXFileReference; fileEncoding = 4; lastKnownFileType = sourcecode.swift; path = ServerReceiptResponseParser.swift; sourceTree = "<group>"; };
		4337A8961EB1F1CA00EAF633 /* ServerReceiptResponseParserTests.swift */ = {isa = PBXFileReference; fileEncoding = 4; lastKnownFileType = sourcecode.swift; path = ServerReceiptResponseParserTests.swift; sourceTree = "<group>"; };
		4337A8981EB1F1EB00EAF633 /* testSubscriptionReceiptResponse.json */ = {isa = PBXFileReference; fileEncoding = 4; lastKnownFileType = text.json; path = testSubscriptionReceiptResponse.json; sourceTree = "<group>"; };
		4337A89A1EB1FAAD00EAF633 /* BucketsTests.swift */ = {isa = PBXFileReference; fileEncoding = 4; lastKnownFileType = sourcecode.swift; path = BucketsTests.swift; sourceTree = "<group>"; };
		4337A89C1EB1FE3300EAF633 /* PurchaseRecordTests.swift */ = {isa = PBXFileReference; fileEncoding = 4; lastKnownFileType = sourcecode.swift; path = PurchaseRecordTests.swift; sourceTree = "<group>"; };
		4337A8A21EB2433A00EAF633 /* EphemeralPurchaseStorage.swift */ = {isa = PBXFileReference; fileEncoding = 4; lastKnownFileType = sourcecode.swift; path = EphemeralPurchaseStorage.swift; sourceTree = "<group>"; };
		4342025D1EAE08F80012983A /* MerchantKit.framework */ = {isa = PBXFileReference; explicitFileType = wrapper.framework; includeInIndex = 0; path = MerchantKit.framework; sourceTree = BUILT_PRODUCTS_DIR; };
		434202661EAE08F80012983A /* MerchantKitTests.xctest */ = {isa = PBXFileReference; explicitFileType = wrapper.cfbundle; includeInIndex = 0; path = MerchantKitTests.xctest; sourceTree = BUILT_PRODUCTS_DIR; };
		4342026D1EAE08F80012983A /* Info.plist */ = {isa = PBXFileReference; lastKnownFileType = text.plist.xml; path = Info.plist; sourceTree = "<group>"; };
		434202771EAE09100012983A /* Merchant.swift */ = {isa = PBXFileReference; fileEncoding = 4; lastKnownFileType = sourcecode.swift; path = Merchant.swift; sourceTree = "<group>"; };
		434202781EAE09100012983A /* PurchaseRecord.swift */ = {isa = PBXFileReference; fileEncoding = 4; lastKnownFileType = sourcecode.swift; path = PurchaseRecord.swift; sourceTree = "<group>"; };
		434202791EAE09100012983A /* PurchaseStorage.swift */ = {isa = PBXFileReference; fileEncoding = 4; lastKnownFileType = sourcecode.swift; path = PurchaseStorage.swift; sourceTree = "<group>"; };
		4342027A1EAE09100012983A /* UserDefaultsPurchaseStorage.swift */ = {isa = PBXFileReference; fileEncoding = 4; lastKnownFileType = sourcecode.swift; path = UserDefaultsPurchaseStorage.swift; sourceTree = "<group>"; };
		4342027B1EAE09100012983A /* Product.swift */ = {isa = PBXFileReference; fileEncoding = 4; lastKnownFileType = sourcecode.swift; path = Product.swift; sourceTree = "<group>"; };
		4342027C1EAE09100012983A /* PurchasedState.swift */ = {isa = PBXFileReference; fileEncoding = 4; lastKnownFileType = sourcecode.swift; path = PurchasedState.swift; sourceTree = "<group>"; };
		4342027D1EAE09100012983A /* ServerReceiptValidator.swift */ = {isa = PBXFileReference; fileEncoding = 4; lastKnownFileType = sourcecode.swift; path = ServerReceiptValidator.swift; sourceTree = "<group>"; };
		4342027E1EAE09100012983A /* Receipt.swift */ = {isa = PBXFileReference; fileEncoding = 4; lastKnownFileType = sourcecode.swift; path = Receipt.swift; sourceTree = "<group>"; };
		4342027F1EAE09100012983A /* LocalConfiguration.swift */ = {isa = PBXFileReference; fileEncoding = 4; lastKnownFileType = sourcecode.swift; path = LocalConfiguration.swift; sourceTree = "<group>"; };
		4350D4751EB3931300DA47C5 /* RestorePurchasesTask.swift */ = {isa = PBXFileReference; fileEncoding = 4; lastKnownFileType = sourcecode.swift; path = RestorePurchasesTask.swift; sourceTree = "<group>"; };
		435418E82080DEA300FB3833 /* SubscriptionPeriod.swift */ = {isa = PBXFileReference; lastKnownFileType = sourcecode.swift; path = SubscriptionPeriod.swift; sourceTree = "<group>"; };
		436CE12D1EAE4B5B00AB41CD /* DescriptionUtilities.swift */ = {isa = PBXFileReference; fileEncoding = 4; lastKnownFileType = sourcecode.swift; path = DescriptionUtilities.swift; sourceTree = "<group>"; };
		436CE12F1EAE7B6400AB41CD /* PriceFormatter.swift */ = {isa = PBXFileReference; fileEncoding = 4; lastKnownFileType = sourcecode.swift; path = PriceFormatter.swift; sourceTree = "<group>"; };
		436CE1311EAEA55D00AB41CD /* DateUtilities.swift */ = {isa = PBXFileReference; fileEncoding = 4; lastKnownFileType = sourcecode.swift; path = DateUtilities.swift; sourceTree = "<group>"; };
		436CE1331EAF3D5200AB41CD /* CommitPurchaseTask.swift */ = {isa = PBXFileReference; fileEncoding = 4; lastKnownFileType = sourcecode.swift; path = CommitPurchaseTask.swift; sourceTree = "<group>"; };
		436CE13D1EAF462B00AB41CD /* MerchantProductObserver.swift */ = {isa = PBXFileReference; fileEncoding = 4; lastKnownFileType = sourcecode.swift; path = MerchantProductObserver.swift; sourceTree = "<group>"; };
		436CE14F1EB0A5B900AB41CD /* ConstructedReceipt.swift */ = {isa = PBXFileReference; fileEncoding = 4; lastKnownFileType = sourcecode.swift; path = ConstructedReceipt.swift; sourceTree = "<group>"; };
		436CE1511EB0A61200AB41CD /* Buckets.swift */ = {isa = PBXFileReference; fileEncoding = 4; lastKnownFileType = sourcecode.swift; path = Buckets.swift; sourceTree = "<group>"; };
		436CE1531EB0B3F600AB41CD /* StoreKitReceiptDataFetcher.swift */ = {isa = PBXFileReference; fileEncoding = 4; lastKnownFileType = sourcecode.swift; path = StoreKitReceiptDataFetcher.swift; sourceTree = "<group>"; };
		436CE1551EB0C0D300AB41CD /* KeychainPurchaseStorage.swift */ = {isa = PBXFileReference; fileEncoding = 4; lastKnownFileType = sourcecode.swift; path = KeychainPurchaseStorage.swift; sourceTree = "<group>"; };
		436CE15B1EB0E0C200AB41CD /* MerchantDelegate.swift */ = {isa = PBXFileReference; fileEncoding = 4; lastKnownFileType = sourcecode.swift; path = MerchantDelegate.swift; sourceTree = "<group>"; };
		436CE15E1EB0EF3D00AB41CD /* Foundation.framework */ = {isa = PBXFileReference; lastKnownFileType = wrapper.framework; name = Foundation.framework; path = System/Library/Frameworks/Foundation.framework; sourceTree = SDKROOT; };
		436CE1601EB0EF4100AB41CD /* StoreKit.framework */ = {isa = PBXFileReference; lastKnownFileType = wrapper.framework; name = StoreKit.framework; path = System/Library/Frameworks/StoreKit.framework; sourceTree = SDKROOT; };
		436EA3BC1ED5B336005F3B3B /* LocalReceiptValidator.swift */ = {isa = PBXFileReference; fileEncoding = 4; lastKnownFileType = sourcecode.swift; path = LocalReceiptValidator.swift; sourceTree = "<group>"; };
		436EA3BE1ED5B3E4005F3B3B /* Security.framework */ = {isa = PBXFileReference; lastKnownFileType = wrapper.framework; name = Security.framework; path = System/Library/Frameworks/Security.framework; sourceTree = SDKROOT; };
		438C5D2E2080BD5400D303C8 /* SubscriptionPeriodFormatter.swift */ = {isa = PBXFileReference; lastKnownFileType = sourcecode.swift; path = SubscriptionPeriodFormatter.swift; sourceTree = "<group>"; };
		438C9DA71F548E7A00C5F0E0 /* ReceiptValidationRequest.swift */ = {isa = PBXFileReference; lastKnownFileType = sourcecode.swift; path = ReceiptValidationRequest.swift; sourceTree = "<group>"; };
		43B0F3481F5C6CF300D4039A /* LocalReceiptPayloadParser.swift */ = {isa = PBXFileReference; lastKnownFileType = sourcecode.swift; path = LocalReceiptPayloadParser.swift; sourceTree = "<group>"; };
		43D0AD7720724EF400F25597 /* DebuggingStateTask.swift */ = {isa = PBXFileReference; lastKnownFileType = sourcecode.swift; path = DebuggingStateTask.swift; sourceTree = "<group>"; };
		43D0AD792072545F00F25597 /* ServerReceiptVerificationDataFetcher.swift */ = {isa = PBXFileReference; lastKnownFileType = sourcecode.swift; path = ServerReceiptVerificationDataFetcher.swift; sourceTree = "<group>"; };
		43D4FE6E207F7E8700AEA92F /* SubscriptionTerms.swift */ = {isa = PBXFileReference; lastKnownFileType = sourcecode.swift; path = SubscriptionTerms.swift; sourceTree = "<group>"; };
		43DBC1081F26283700DB4B25 /* PurchaseInterfaceController.swift */ = {isa = PBXFileReference; lastKnownFileType = sourcecode.swift; path = PurchaseInterfaceController.swift; sourceTree = "<group>"; };
		43DBC10A1F26288500DB4B25 /* NetworkAvailabilityCenter.swift */ = {isa = PBXFileReference; lastKnownFileType = sourcecode.swift; path = NetworkAvailabilityCenter.swift; sourceTree = "<group>"; };
		43EB5CAF20723C33007D1F94 /* PKCS7Container.swift */ = {isa = PBXFileReference; lastKnownFileType = sourcecode.swift; path = PKCS7Container.swift; sourceTree = "<group>"; };
		43F1E7571F5DAB5F00A112D4 /* ASN1ReceiptAttributeSet.swift */ = {isa = PBXFileReference; lastKnownFileType = sourcecode.swift; path = ASN1ReceiptAttributeSet.swift; sourceTree = "<group>"; };
		43F1E7591F5DABC300A112D4 /* ASN1Format.swift */ = {isa = PBXFileReference; lastKnownFileType = sourcecode.swift; path = ASN1Format.swift; sourceTree = "<group>"; };
/* End PBXFileReference section */

/* Begin PBXFrameworksBuildPhase section */
		434202591EAE08F80012983A /* Frameworks */ = {
			isa = PBXFrameworksBuildPhase;
			buildActionMask = 2147483647;
			files = (
				436EA3BF1ED5B3E4005F3B3B /* Security.framework in Frameworks */,
				436CE1611EB0EF4100AB41CD /* StoreKit.framework in Frameworks */,
				436CE15F1EB0EF3D00AB41CD /* Foundation.framework in Frameworks */,
			);
			runOnlyForDeploymentPostprocessing = 0;
		};
		434202631EAE08F80012983A /* Frameworks */ = {
			isa = PBXFrameworksBuildPhase;
			buildActionMask = 2147483647;
			files = (
			);
			runOnlyForDeploymentPostprocessing = 0;
		};
/* End PBXFrameworksBuildPhase section */

/* Begin PBXGroup section */
		4314B2562082C0C700ECC35C /* Resources */ = {
			isa = PBXGroup;
			children = (
				4314B25D2082C2BF00ECC35C /* LocalizedPeriodUnits.stringsdict */,
			);
			path = Resources;
			sourceTree = "<group>";
		};
		4337A89E1EB1FE3900EAF633 /* Sample Resources */ = {
			isa = PBXGroup;
			children = (
				4337A8981EB1F1EB00EAF633 /* testSubscriptionReceiptResponse.json */,
			);
			path = "Sample Resources";
			sourceTree = "<group>";
		};
		434202531EAE08F80012983A = {
			isa = PBXGroup;
			children = (
				4342025F1EAE08F80012983A /* Source */,
				431C84461EC1E3490098516E /* Info.plist */,
				431C84471EC1E3490098516E /* MerchantKit.h */,
				4342026A1EAE08F80012983A /* Tests */,
				4342025E1EAE08F80012983A /* Products */,
				436CE15D1EB0EF3D00AB41CD /* Frameworks */,
			);
			sourceTree = "<group>";
		};
		4342025E1EAE08F80012983A /* Products */ = {
			isa = PBXGroup;
			children = (
				4342025D1EAE08F80012983A /* MerchantKit.framework */,
				434202661EAE08F80012983A /* MerchantKitTests.xctest */,
			);
			name = Products;
			sourceTree = "<group>";
		};
		4342025F1EAE08F80012983A /* Source */ = {
			isa = PBXGroup;
			children = (
				434202771EAE09100012983A /* Merchant.swift */,
				436CE15B1EB0E0C200AB41CD /* MerchantDelegate.swift */,
				436CE13B1EAF42E600AB41CD /* Model */,
				436CE1381EAF428800AB41CD /* Tasks */,
				436CE1391EAF42A000AB41CD /* User Interface */,
				436CE13A1EAF42D800AB41CD /* Persistence Storage */,
				436CE1361EAF424B00AB41CD /* Receipt Validators */,
				436CE1371EAF426500AB41CD /* Utilities */,
				436CE13C1EAF432300AB41CD /* Internal */,
			);
			path = Source;
			sourceTree = "<group>";
		};
		4342026A1EAE08F80012983A /* Tests */ = {
			isa = PBXGroup;
			children = (
				4337A8961EB1F1CA00EAF633 /* ServerReceiptResponseParserTests.swift */,
				431C1FF31F5E07D9009E2CD7 /* LocalReceiptPayloadParserTests.swift */,
				4337A89A1EB1FAAD00EAF633 /* BucketsTests.swift */,
				4337A89C1EB1FE3300EAF633 /* PurchaseRecordTests.swift */,
				43128DCF1EC38A3000DBA2EE /* PurchaseSetTests.swift */,
				4314B2602082C67C00ECC35C /* LocalizedResourcesTests.swift */,
				4314B2632082CEC800ECC35C /* SubscriptionPeriodFormatterTests.swift */,
				4337A89E1EB1FE3900EAF633 /* Sample Resources */,
				4342026D1EAE08F80012983A /* Info.plist */,
			);
			path = Tests;
			sourceTree = "<group>";
		};
		436CE1361EAF424B00AB41CD /* Receipt Validators */ = {
			isa = PBXGroup;
			children = (
				436EA3BC1ED5B336005F3B3B /* LocalReceiptValidator.swift */,
				4342027D1EAE09100012983A /* ServerReceiptValidator.swift */,
			);
			path = "Receipt Validators";
			sourceTree = "<group>";
		};
		436CE1371EAF426500AB41CD /* Utilities */ = {
			isa = PBXGroup;
			children = (
				4342027F1EAE09100012983A /* LocalConfiguration.swift */,
			);
			path = Utilities;
			sourceTree = "<group>";
		};
		436CE1381EAF428800AB41CD /* Tasks */ = {
			isa = PBXGroup;
			children = (
				432133B71EAE311E0096919B /* MerchantTask.swift */,
				432133B51EAE2FEA0096919B /* AvailablePurchasesTask.swift */,
				436CE1331EAF3D5200AB41CD /* CommitPurchaseTask.swift */,
				4350D4751EB3931300DA47C5 /* RestorePurchasesTask.swift */,
				43D0AD7720724EF400F25597 /* DebuggingStateTask.swift */,
			);
			path = Tasks;
			sourceTree = "<group>";
		};
		436CE1391EAF42A000AB41CD /* User Interface */ = {
			isa = PBXGroup;
			children = (
				436CE12F1EAE7B6400AB41CD /* PriceFormatter.swift */,
				438C5D2E2080BD5400D303C8 /* SubscriptionPeriodFormatter.swift */,
				43DBC1081F26283700DB4B25 /* PurchaseInterfaceController.swift */,
			);
			path = "User Interface";
			sourceTree = "<group>";
		};
		436CE13A1EAF42D800AB41CD /* Persistence Storage */ = {
			isa = PBXGroup;
			children = (
				434202781EAE09100012983A /* PurchaseRecord.swift */,
				434202791EAE09100012983A /* PurchaseStorage.swift */,
				4342027A1EAE09100012983A /* UserDefaultsPurchaseStorage.swift */,
				436CE1551EB0C0D300AB41CD /* KeychainPurchaseStorage.swift */,
				4337A8A21EB2433A00EAF633 /* EphemeralPurchaseStorage.swift */,
			);
			path = "Persistence Storage";
			sourceTree = "<group>";
		};
		436CE13B1EAF42E600AB41CD /* Model */ = {
			isa = PBXGroup;
			children = (
				4342027C1EAE09100012983A /* PurchasedState.swift */,
				4342027B1EAE09100012983A /* Product.swift */,
				432133B91EAE36170096919B /* Purchase.swift */,
				432133BB1EAE39640096919B /* Price.swift */,
				431C84441EC1D2C50098516E /* PurchaseSet.swift */,
				438C9DA71F548E7A00C5F0E0 /* ReceiptValidationRequest.swift */,
				4342027E1EAE09100012983A /* Receipt.swift */,
				432133BD1EAE3DFB0096919B /* Result.swift */,
				43D4FE6E207F7E8700AEA92F /* SubscriptionTerms.swift */,
				435418E82080DEA300FB3833 /* SubscriptionPeriod.swift */,
			);
			path = Model;
			sourceTree = "<group>";
		};
		436CE13C1EAF432300AB41CD /* Internal */ = {
			isa = PBXGroup;
			children = (
				4305D7FA1EAE12BD0085CAA3 /* StoreKitTransactionObserver.swift */,
				436CE1531EB0B3F600AB41CD /* StoreKitReceiptDataFetcher.swift */,
				4337A8941EB1EC2B00EAF633 /* ServerReceiptResponseParser.swift */,
				43B0F3481F5C6CF300D4039A /* LocalReceiptPayloadParser.swift */,
				43D0AD792072545F00F25597 /* ServerReceiptVerificationDataFetcher.swift */,
				436CE13D1EAF462B00AB41CD /* MerchantProductObserver.swift */,
				436CE14F1EB0A5B900AB41CD /* ConstructedReceipt.swift */,
				436CE1511EB0A61200AB41CD /* Buckets.swift */,
				436CE12D1EAE4B5B00AB41CD /* DescriptionUtilities.swift */,
				436CE1311EAEA55D00AB41CD /* DateUtilities.swift */,
				4314B2662082D17E00ECC35C /* StringUtilities.swift */,
				43F1E7571F5DAB5F00A112D4 /* ASN1ReceiptAttributeSet.swift */,
				43F1E7591F5DABC300A112D4 /* ASN1Format.swift */,
				4329BE491EB8A43400052D3E /* MerchantTaskUtilities.swift */,
				43DBC10A1F26288500DB4B25 /* NetworkAvailabilityCenter.swift */,
				43EB5CAF20723C33007D1F94 /* PKCS7Container.swift */,
				4314B25E2082C5B400ECC35C /* LocalizedResources.swift */,
				4314B2562082C0C700ECC35C /* Resources */,
			);
			path = Internal;
			sourceTree = "<group>";
		};
		436CE15D1EB0EF3D00AB41CD /* Frameworks */ = {
			isa = PBXGroup;
			children = (
				436EA3BE1ED5B3E4005F3B3B /* Security.framework */,
				436CE1601EB0EF4100AB41CD /* StoreKit.framework */,
				436CE15E1EB0EF3D00AB41CD /* Foundation.framework */,
			);
			name = Frameworks;
			sourceTree = "<group>";
		};
/* End PBXGroup section */

/* Begin PBXHeadersBuildPhase section */
		4342025A1EAE08F80012983A /* Headers */ = {
			isa = PBXHeadersBuildPhase;
			buildActionMask = 2147483647;
			files = (
				431C84491EC1E3490098516E /* MerchantKit.h in Headers */,
			);
			runOnlyForDeploymentPostprocessing = 0;
		};
/* End PBXHeadersBuildPhase section */

/* Begin PBXNativeTarget section */
		4342025C1EAE08F80012983A /* MerchantKit */ = {
			isa = PBXNativeTarget;
			buildConfigurationList = 434202711EAE08F80012983A /* Build configuration list for PBXNativeTarget "MerchantKit" */;
			buildPhases = (
				434202581EAE08F80012983A /* Sources */,
				434202591EAE08F80012983A /* Frameworks */,
				4342025A1EAE08F80012983A /* Headers */,
				4342025B1EAE08F80012983A /* Resources */,
				43B0F2891F5C5A1C00D4039A /* Copy Files */,
			);
			buildRules = (
			);
			dependencies = (
			);
			name = MerchantKit;
			productName = MerchantKit;
			productReference = 4342025D1EAE08F80012983A /* MerchantKit.framework */;
			productType = "com.apple.product-type.framework";
		};
		434202651EAE08F80012983A /* MerchantKitTests */ = {
			isa = PBXNativeTarget;
			buildConfigurationList = 434202741EAE08F80012983A /* Build configuration list for PBXNativeTarget "MerchantKitTests" */;
			buildPhases = (
				434202621EAE08F80012983A /* Sources */,
				434202631EAE08F80012983A /* Frameworks */,
				434202641EAE08F80012983A /* Resources */,
			);
			buildRules = (
			);
			dependencies = (
				434202691EAE08F80012983A /* PBXTargetDependency */,
			);
			name = MerchantKitTests;
			productName = MerchantKitTests;
			productReference = 434202661EAE08F80012983A /* MerchantKitTests.xctest */;
			productType = "com.apple.product-type.bundle.unit-test";
		};
/* End PBXNativeTarget section */

/* Begin PBXProject section */
		434202541EAE08F80012983A /* Project object */ = {
			isa = PBXProject;
			attributes = {
				LastSwiftUpdateCheck = 0830;
				LastUpgradeCheck = 0930;
				ORGANIZATIONNAME = Benjamin;
				TargetAttributes = {
					4342025C1EAE08F80012983A = {
						CreatedOnToolsVersion = 8.3.2;
						DevelopmentTeam = 2ZTW4G3PG5;
						LastSwiftMigration = 0940;
						ProvisioningStyle = Automatic;
					};
					434202651EAE08F80012983A = {
						CreatedOnToolsVersion = 8.3.2;
						DevelopmentTeam = 2ZTW4G3PG5;
						LastSwiftMigration = 0900;
						ProvisioningStyle = Automatic;
					};
				};
			};
			buildConfigurationList = 434202571EAE08F80012983A /* Build configuration list for PBXProject "MerchantKit" */;
			compatibilityVersion = "Xcode 3.2";
			developmentRegion = English;
			hasScannedForEncodings = 0;
			knownRegions = (
				en,
			);
			mainGroup = 434202531EAE08F80012983A;
			productRefGroup = 4342025E1EAE08F80012983A /* Products */;
			projectDirPath = "";
			projectRoot = "";
			targets = (
				4342025C1EAE08F80012983A /* MerchantKit */,
				434202651EAE08F80012983A /* MerchantKitTests */,
			);
		};
/* End PBXProject section */

/* Begin PBXResourcesBuildPhase section */
		4342025B1EAE08F80012983A /* Resources */ = {
			isa = PBXResourcesBuildPhase;
			buildActionMask = 2147483647;
			files = (
				4314B25B2082C2BF00ECC35C /* LocalizedPeriodUnits.stringsdict in Resources */,
			);
			runOnlyForDeploymentPostprocessing = 0;
		};
		434202641EAE08F80012983A /* Resources */ = {
			isa = PBXResourcesBuildPhase;
			buildActionMask = 2147483647;
			files = (
				4337A8991EB1F1EB00EAF633 /* testSubscriptionReceiptResponse.json in Resources */,
			);
			runOnlyForDeploymentPostprocessing = 0;
		};
/* End PBXResourcesBuildPhase section */

/* Begin PBXSourcesBuildPhase section */
		434202581EAE08F80012983A /* Sources */ = {
			isa = PBXSourcesBuildPhase;
			buildActionMask = 2147483647;
			files = (
				438C9DA81F548E7A00C5F0E0 /* ReceiptValidationRequest.swift in Sources */,
				438C5D2F2080BD5400D303C8 /* SubscriptionPeriodFormatter.swift in Sources */,
				43EB5CB020723C33007D1F94 /* PKCS7Container.swift in Sources */,
				436CE1501EB0A5B900AB41CD /* ConstructedReceipt.swift in Sources */,
				435418E92080DEA300FB3833 /* SubscriptionPeriod.swift in Sources */,
				4350D4761EB3931300DA47C5 /* RestorePurchasesTask.swift in Sources */,
				43D4FE6F207F7E8700AEA92F /* SubscriptionTerms.swift in Sources */,
				434202801EAE09100012983A /* Merchant.swift in Sources */,
				4337A8A31EB2433A00EAF633 /* EphemeralPurchaseStorage.swift in Sources */,
				43DBC1091F26283700DB4B25 /* PurchaseInterfaceController.swift in Sources */,
				432133BC1EAE39640096919B /* Price.swift in Sources */,
				43B0F3491F5C6CF300D4039A /* LocalReceiptPayloadParser.swift in Sources */,
				4337A8951EB1EC2B00EAF633 /* ServerReceiptResponseParser.swift in Sources */,
				4305D7FB1EAE12BD0085CAA3 /* StoreKitTransactionObserver.swift in Sources */,
				434202861EAE09100012983A /* ServerReceiptValidator.swift in Sources */,
				434202831EAE09100012983A /* UserDefaultsPurchaseStorage.swift in Sources */,
				4314B2672082D17E00ECC35C /* StringUtilities.swift in Sources */,
				436CE15C1EB0E0C200AB41CD /* MerchantDelegate.swift in Sources */,
				43D0AD7A2072545F00F25597 /* ServerReceiptVerificationDataFetcher.swift in Sources */,
				436CE12E1EAE4B5B00AB41CD /* DescriptionUtilities.swift in Sources */,
				436CE1341EAF3D5200AB41CD /* CommitPurchaseTask.swift in Sources */,
				436CE1321EAEA55D00AB41CD /* DateUtilities.swift in Sources */,
				434202841EAE09100012983A /* Product.swift in Sources */,
				434202871EAE09100012983A /* Receipt.swift in Sources */,
				43D0AD7820724EF400F25597 /* DebuggingStateTask.swift in Sources */,
				436CE1301EAE7B6400AB41CD /* PriceFormatter.swift in Sources */,
				436CE1561EB0C0D300AB41CD /* KeychainPurchaseStorage.swift in Sources */,
				436CE13E1EAF462B00AB41CD /* MerchantProductObserver.swift in Sources */,
				4329BE4A1EB8A43400052D3E /* MerchantTaskUtilities.swift in Sources */,
				432133B81EAE311E0096919B /* MerchantTask.swift in Sources */,
				434202821EAE09100012983A /* PurchaseStorage.swift in Sources */,
				43DBC10B1F26288500DB4B25 /* NetworkAvailabilityCenter.swift in Sources */,
				432133B61EAE2FEA0096919B /* AvailablePurchasesTask.swift in Sources */,
				432133BE1EAE3DFB0096919B /* Result.swift in Sources */,
				434202811EAE09100012983A /* PurchaseRecord.swift in Sources */,
				4314B25F2082C5B400ECC35C /* LocalizedResources.swift in Sources */,
				436EA3BD1ED5B336005F3B3B /* LocalReceiptValidator.swift in Sources */,
				434202851EAE09100012983A /* PurchasedState.swift in Sources */,
				436CE1541EB0B3F600AB41CD /* StoreKitReceiptDataFetcher.swift in Sources */,
				432133BA1EAE36170096919B /* Purchase.swift in Sources */,
				431C84451EC1D2C50098516E /* PurchaseSet.swift in Sources */,
				43F1E75A1F5DABC300A112D4 /* ASN1Format.swift in Sources */,
				434202881EAE09100012983A /* LocalConfiguration.swift in Sources */,
				436CE1521EB0A61200AB41CD /* Buckets.swift in Sources */,
				43F1E7581F5DAB5F00A112D4 /* ASN1ReceiptAttributeSet.swift in Sources */,
			);
			runOnlyForDeploymentPostprocessing = 0;
		};
		434202621EAE08F80012983A /* Sources */ = {
			isa = PBXSourcesBuildPhase;
			buildActionMask = 2147483647;
			files = (
				43128DD11EC38A3600DBA2EE /* PurchaseSetTests.swift in Sources */,
				4337A89D1EB1FE3300EAF633 /* PurchaseRecordTests.swift in Sources */,
				431C1FF51F5E0815009E2CD7 /* LocalReceiptPayloadParserTests.swift in Sources */,
				4337A89B1EB1FAAD00EAF633 /* BucketsTests.swift in Sources */,
				4337A8971EB1F1CA00EAF633 /* ServerReceiptResponseParserTests.swift in Sources */,
				4314B2652082CF5600ECC35C /* SubscriptionPeriodFormatterTests.swift in Sources */,
				4314B2622082C6A300ECC35C /* LocalizedResourcesTests.swift in Sources */,
			);
			runOnlyForDeploymentPostprocessing = 0;
		};
/* End PBXSourcesBuildPhase section */

/* Begin PBXTargetDependency section */
		434202691EAE08F80012983A /* PBXTargetDependency */ = {
			isa = PBXTargetDependency;
			target = 4342025C1EAE08F80012983A /* MerchantKit */;
			targetProxy = 434202681EAE08F80012983A /* PBXContainerItemProxy */;
		};
/* End PBXTargetDependency section */

/* Begin PBXVariantGroup section */
		4314B25D2082C2BF00ECC35C /* LocalizedPeriodUnits.stringsdict */ = {
			isa = PBXVariantGroup;
			children = (
				4314B25C2082C2BF00ECC35C /* en */,
			);
			name = LocalizedPeriodUnits.stringsdict;
			sourceTree = "<group>";
		};
/* End PBXVariantGroup section */

/* Begin XCBuildConfiguration section */
		4342026F1EAE08F80012983A /* Debug */ = {
			isa = XCBuildConfiguration;
			buildSettings = {
				ALWAYS_SEARCH_USER_PATHS = NO;
				CLANG_ANALYZER_NONNULL = YES;
				CLANG_ANALYZER_NUMBER_OBJECT_CONVERSION = YES_AGGRESSIVE;
				CLANG_CXX_LANGUAGE_STANDARD = "gnu++0x";
				CLANG_CXX_LIBRARY = "libc++";
				CLANG_ENABLE_MODULES = YES;
				CLANG_ENABLE_OBJC_ARC = YES;
				CLANG_WARN_BLOCK_CAPTURE_AUTORELEASING = YES;
				CLANG_WARN_BOOL_CONVERSION = YES;
				CLANG_WARN_COMMA = YES;
				CLANG_WARN_CONSTANT_CONVERSION = YES;
				CLANG_WARN_DEPRECATED_OBJC_IMPLEMENTATIONS = YES;
				CLANG_WARN_DIRECT_OBJC_ISA_USAGE = YES_ERROR;
				CLANG_WARN_DOCUMENTATION_COMMENTS = YES;
				CLANG_WARN_EMPTY_BODY = YES;
				CLANG_WARN_ENUM_CONVERSION = YES;
				CLANG_WARN_INFINITE_RECURSION = YES;
				CLANG_WARN_INT_CONVERSION = YES;
				CLANG_WARN_NON_LITERAL_NULL_CONVERSION = YES;
				CLANG_WARN_OBJC_IMPLICIT_RETAIN_SELF = YES;
				CLANG_WARN_OBJC_LITERAL_CONVERSION = YES;
				CLANG_WARN_OBJC_ROOT_CLASS = YES_ERROR;
				CLANG_WARN_RANGE_LOOP_ANALYSIS = YES;
				CLANG_WARN_STRICT_PROTOTYPES = YES;
				CLANG_WARN_SUSPICIOUS_MOVE = YES;
				CLANG_WARN_UNREACHABLE_CODE = YES;
				CLANG_WARN__DUPLICATE_METHOD_MATCH = YES;
				"CODE_SIGN_IDENTITY[sdk=iphoneos*]" = "iPhone Developer";
				COPY_PHASE_STRIP = NO;
				CURRENT_PROJECT_VERSION = 1;
				DEBUG_INFORMATION_FORMAT = dwarf;
				ENABLE_STRICT_OBJC_MSGSEND = YES;
				ENABLE_TESTABILITY = YES;
				GCC_C_LANGUAGE_STANDARD = gnu99;
				GCC_DYNAMIC_NO_PIC = NO;
				GCC_NO_COMMON_BLOCKS = YES;
				GCC_OPTIMIZATION_LEVEL = 0;
				GCC_PREPROCESSOR_DEFINITIONS = (
					"DEBUG=1",
					"$(inherited)",
				);
				GCC_WARN_64_TO_32_BIT_CONVERSION = YES;
				GCC_WARN_ABOUT_RETURN_TYPE = YES_ERROR;
				GCC_WARN_UNDECLARED_SELECTOR = YES;
				GCC_WARN_UNINITIALIZED_AUTOS = YES_AGGRESSIVE;
				GCC_WARN_UNUSED_FUNCTION = YES;
				GCC_WARN_UNUSED_VARIABLE = YES;
				IPHONEOS_DEPLOYMENT_TARGET = 10.3;
				MTL_ENABLE_DEBUG_INFO = YES;
				ONLY_ACTIVE_ARCH = YES;
				SDKROOT = iphoneos;
				SWIFT_ACTIVE_COMPILATION_CONDITIONS = DEBUG;
				SWIFT_OPTIMIZATION_LEVEL = "-Onone";
				TARGETED_DEVICE_FAMILY = "1,2";
				VERSIONING_SYSTEM = "apple-generic";
				VERSION_INFO_PREFIX = "";
			};
			name = Debug;
		};
		434202701EAE08F80012983A /* Release */ = {
			isa = XCBuildConfiguration;
			buildSettings = {
				ALWAYS_SEARCH_USER_PATHS = NO;
				CLANG_ANALYZER_NONNULL = YES;
				CLANG_ANALYZER_NUMBER_OBJECT_CONVERSION = YES_AGGRESSIVE;
				CLANG_CXX_LANGUAGE_STANDARD = "gnu++0x";
				CLANG_CXX_LIBRARY = "libc++";
				CLANG_ENABLE_MODULES = YES;
				CLANG_ENABLE_OBJC_ARC = YES;
				CLANG_WARN_BLOCK_CAPTURE_AUTORELEASING = YES;
				CLANG_WARN_BOOL_CONVERSION = YES;
				CLANG_WARN_COMMA = YES;
				CLANG_WARN_CONSTANT_CONVERSION = YES;
				CLANG_WARN_DEPRECATED_OBJC_IMPLEMENTATIONS = YES;
				CLANG_WARN_DIRECT_OBJC_ISA_USAGE = YES_ERROR;
				CLANG_WARN_DOCUMENTATION_COMMENTS = YES;
				CLANG_WARN_EMPTY_BODY = YES;
				CLANG_WARN_ENUM_CONVERSION = YES;
				CLANG_WARN_INFINITE_RECURSION = YES;
				CLANG_WARN_INT_CONVERSION = YES;
				CLANG_WARN_NON_LITERAL_NULL_CONVERSION = YES;
				CLANG_WARN_OBJC_IMPLICIT_RETAIN_SELF = YES;
				CLANG_WARN_OBJC_LITERAL_CONVERSION = YES;
				CLANG_WARN_OBJC_ROOT_CLASS = YES_ERROR;
				CLANG_WARN_RANGE_LOOP_ANALYSIS = YES;
				CLANG_WARN_STRICT_PROTOTYPES = YES;
				CLANG_WARN_SUSPICIOUS_MOVE = YES;
				CLANG_WARN_UNREACHABLE_CODE = YES;
				CLANG_WARN__DUPLICATE_METHOD_MATCH = YES;
				"CODE_SIGN_IDENTITY[sdk=iphoneos*]" = "iPhone Developer";
				COPY_PHASE_STRIP = NO;
				CURRENT_PROJECT_VERSION = 1;
				DEBUG_INFORMATION_FORMAT = "dwarf-with-dsym";
				ENABLE_NS_ASSERTIONS = NO;
				ENABLE_STRICT_OBJC_MSGSEND = YES;
				GCC_C_LANGUAGE_STANDARD = gnu99;
				GCC_NO_COMMON_BLOCKS = YES;
				GCC_WARN_64_TO_32_BIT_CONVERSION = YES;
				GCC_WARN_ABOUT_RETURN_TYPE = YES_ERROR;
				GCC_WARN_UNDECLARED_SELECTOR = YES;
				GCC_WARN_UNINITIALIZED_AUTOS = YES_AGGRESSIVE;
				GCC_WARN_UNUSED_FUNCTION = YES;
				GCC_WARN_UNUSED_VARIABLE = YES;
				IPHONEOS_DEPLOYMENT_TARGET = 10.3;
				MTL_ENABLE_DEBUG_INFO = NO;
				SDKROOT = iphoneos;
				SWIFT_OPTIMIZATION_LEVEL = "-Owholemodule";
				TARGETED_DEVICE_FAMILY = "1,2";
				VALIDATE_PRODUCT = YES;
				VERSIONING_SYSTEM = "apple-generic";
				VERSION_INFO_PREFIX = "";
			};
			name = Release;
		};
		434202721EAE08F80012983A /* Debug */ = {
			isa = XCBuildConfiguration;
			buildSettings = {
				ALWAYS_SEARCH_USER_PATHS = NO;
				CLANG_ALLOW_NON_MODULAR_INCLUDES_IN_FRAMEWORK_MODULES = NO;
				CLANG_ENABLE_MODULES = YES;
				CODE_SIGN_IDENTITY = "";
				DEFINES_MODULE = YES;
				DEVELOPMENT_TEAM = 2ZTW4G3PG5;
				DYLIB_COMPATIBILITY_VERSION = 1;
				DYLIB_CURRENT_VERSION = 1;
				DYLIB_INSTALL_NAME_BASE = "@rpath";
				ENABLE_BITCODE = YES;
				FRAMEWORK_SEARCH_PATHS = (
					"$(inherited)",
					"$(PROJECT_DIR)",
				);
				HEADER_SEARCH_PATHS = "$(inherited)";
				INFOPLIST_FILE = "$(SRCROOT)/Source/Info.plist";
				INSTALL_PATH = "$(LOCAL_LIBRARY_DIR)/Frameworks";
				IPHONEOS_DEPLOYMENT_TARGET = 10.0;
				LD_RUNPATH_SEARCH_PATHS = "$(inherited) @executable_path/Frameworks @loader_path/Frameworks";
				LIBRARY_SEARCH_PATHS = (
					"$(inherited)",
					"$(PROJECT_DIR)",
				);
				OTHER_LDFLAGS = (
					"-ObjC",
					"$(inherited)",
				);
				PRODUCT_BUNDLE_IDENTIFIER = com.anthonymayo.MerchantKit;
				PRODUCT_NAME = "$(TARGET_NAME)";
				SKIP_INSTALL = YES;
				SWIFT_INCLUDE_PATHS = "";
				SWIFT_OBJC_BRIDGING_HEADER = "";
				SWIFT_OPTIMIZATION_LEVEL = "-Onone";
				SWIFT_SWIFT3_OBJC_INFERENCE = Off;
				SWIFT_VERSION = 4.0;
				USER_HEADER_SEARCH_PATHS = "";
			};
			name = Debug;
		};
		434202731EAE08F80012983A /* Release */ = {
			isa = XCBuildConfiguration;
			buildSettings = {
				ALWAYS_SEARCH_USER_PATHS = NO;
				CLANG_ALLOW_NON_MODULAR_INCLUDES_IN_FRAMEWORK_MODULES = NO;
				CLANG_ENABLE_MODULES = YES;
				CODE_SIGN_IDENTITY = "";
				DEFINES_MODULE = YES;
				DEVELOPMENT_TEAM = 2ZTW4G3PG5;
				DYLIB_COMPATIBILITY_VERSION = 1;
				DYLIB_CURRENT_VERSION = 1;
				DYLIB_INSTALL_NAME_BASE = "@rpath";
				ENABLE_BITCODE = YES;
				FRAMEWORK_SEARCH_PATHS = (
					"$(inherited)",
					"$(PROJECT_DIR)",
				);
				HEADER_SEARCH_PATHS = "$(inherited)";
				INFOPLIST_FILE = "$(SRCROOT)/Source/Info.plist";
				INSTALL_PATH = "$(LOCAL_LIBRARY_DIR)/Frameworks";
				IPHONEOS_DEPLOYMENT_TARGET = 10.0;
				LD_RUNPATH_SEARCH_PATHS = "$(inherited) @executable_path/Frameworks @loader_path/Frameworks";
				LIBRARY_SEARCH_PATHS = (
					"$(inherited)",
					"$(PROJECT_DIR)",
				);
				OTHER_LDFLAGS = (
					"-ObjC",
					"$(inherited)",
				);
				PRODUCT_BUNDLE_IDENTIFIER = com.anthonymayo.MerchantKit;
				PRODUCT_NAME = "$(TARGET_NAME)";
				SKIP_INSTALL = YES;
				SWIFT_INCLUDE_PATHS = "";
				SWIFT_OBJC_BRIDGING_HEADER = "";
				SWIFT_SWIFT3_OBJC_INFERENCE = Off;
				SWIFT_VERSION = 4.0;
				USER_HEADER_SEARCH_PATHS = "";
			};
			name = Release;
		};
		434202751EAE08F80012983A /* Debug */ = {
			isa = XCBuildConfiguration;
			buildSettings = {
				ALWAYS_EMBED_SWIFT_STANDARD_LIBRARIES = YES;
				DEVELOPMENT_TEAM = 2ZTW4G3PG5;
				INFOPLIST_FILE = Tests/Info.plist;
				IPHONEOS_DEPLOYMENT_TARGET = 11.0;
				LD_RUNPATH_SEARCH_PATHS = "$(inherited) @executable_path/Frameworks @loader_path/Frameworks";
				PRODUCT_BUNDLE_IDENTIFIER = com.anthonymayo.MerchantKitTests;
				PRODUCT_NAME = "$(TARGET_NAME)";
				SWIFT_SWIFT3_OBJC_INFERENCE = Off;
				SWIFT_VERSION = 4.0;
			};
			name = Debug;
		};
		434202761EAE08F80012983A /* Release */ = {
			isa = XCBuildConfiguration;
			buildSettings = {
				ALWAYS_EMBED_SWIFT_STANDARD_LIBRARIES = YES;
				DEVELOPMENT_TEAM = 2ZTW4G3PG5;
				INFOPLIST_FILE = Tests/Info.plist;
				IPHONEOS_DEPLOYMENT_TARGET = 11.0;
				LD_RUNPATH_SEARCH_PATHS = "$(inherited) @executable_path/Frameworks @loader_path/Frameworks";
				PRODUCT_BUNDLE_IDENTIFIER = com.anthonymayo.MerchantKitTests;
				PRODUCT_NAME = "$(TARGET_NAME)";
				SWIFT_SWIFT3_OBJC_INFERENCE = Off;
				SWIFT_VERSION = 4.0;
			};
			name = Release;
		};
/* End XCBuildConfiguration section */

/* Begin XCConfigurationList section */
		434202571EAE08F80012983A /* Build configuration list for PBXProject "MerchantKit" */ = {
			isa = XCConfigurationList;
			buildConfigurations = (
				4342026F1EAE08F80012983A /* Debug */,
				434202701EAE08F80012983A /* Release */,
			);
			defaultConfigurationIsVisible = 0;
			defaultConfigurationName = Release;
		};
		434202711EAE08F80012983A /* Build configuration list for PBXNativeTarget "MerchantKit" */ = {
			isa = XCConfigurationList;
			buildConfigurations = (
				434202721EAE08F80012983A /* Debug */,
				434202731EAE08F80012983A /* Release */,
			);
			defaultConfigurationIsVisible = 0;
			defaultConfigurationName = Release;
		};
		434202741EAE08F80012983A /* Build configuration list for PBXNativeTarget "MerchantKitTests" */ = {
			isa = XCConfigurationList;
			buildConfigurations = (
				434202751EAE08F80012983A /* Debug */,
				434202761EAE08F80012983A /* Release */,
			);
			defaultConfigurationIsVisible = 0;
			defaultConfigurationName = Release;
		};
/* End XCConfigurationList section */
	};
	rootObject = 434202541EAE08F80012983A /* Project object */;
}
