// !$*UTF8*$!
{
   archiveVersion = "1";
   objectVersion = "46";
   objects = {
      "MerchantKit::MerchantKit" = {
         isa = "PBXNativeTarget";
         buildConfigurationList = "OBJ_149";
         buildPhases = (
            "OBJ_152",
            "OBJ_224"
         );
         dependencies = (
         );
         name = "MerchantKit";
         productName = "MerchantKit";
         productReference = "MerchantKit::MerchantKit::Product";
         productType = "com.apple.product-type.framework";
      };
      "MerchantKit::MerchantKit::Product" = {
         isa = "PBXFileReference";
         path = "MerchantKit.framework";
         sourceTree = "BUILT_PRODUCTS_DIR";
      };
      "MerchantKit::MerchantKitPackageTests::ProductTarget" = {
         isa = "PBXAggregateTarget";
         buildConfigurationList = "OBJ_232";
         buildPhases = (
         );
         dependencies = (
            "OBJ_235"
         );
         name = "MerchantKitPackageTests";
         productName = "MerchantKitPackageTests";
      };
      "MerchantKit::MerchantKitTests" = {
         isa = "PBXNativeTarget";
         buildConfigurationList = "OBJ_237";
         buildPhases = (
            "OBJ_240",
            "OBJ_286"
         );
         dependencies = (
            "OBJ_288"
         );
         name = "MerchantKitTests";
         productName = "MerchantKitTests";
         productReference = "MerchantKit::MerchantKitTests::Product";
         productType = "com.apple.product-type.bundle.unit-test";
      };
      "MerchantKit::MerchantKitTests::Product" = {
         isa = "PBXFileReference";
         path = "MerchantKitTests.xctest";
         sourceTree = "BUILT_PRODUCTS_DIR";
      };
      "MerchantKit::SwiftPMPackageDescription" = {
         isa = "PBXNativeTarget";
         buildConfigurationList = "OBJ_226";
         buildPhases = (
            "OBJ_229"
         );
         dependencies = (
         );
         name = "MerchantKitPackageDescription";
         productName = "MerchantKitPackageDescription";
         productType = "com.apple.product-type.framework";
      };
      "OBJ_1" = {
         isa = "PBXProject";
         attributes = {
            LastSwiftMigration = "9999";
            LastUpgradeCheck = "9999";
         };
         buildConfigurationList = "OBJ_2";
         compatibilityVersion = "Xcode 3.2";
         developmentRegion = "en";
         hasScannedForEncodings = "0";
         knownRegions = (
            "en"
         );
         mainGroup = "OBJ_5";
         productRefGroup = "OBJ_137";
         projectDirPath = ".";
         targets = (
            "MerchantKit::MerchantKit",
            "MerchantKit::SwiftPMPackageDescription",
            "MerchantKit::MerchantKitPackageTests::ProductTarget",
            "MerchantKit::MerchantKitTests"
         );
      };
      "OBJ_10" = {
         isa = "PBXFileReference";
         path = "ASN1.swift";
         sourceTree = "<group>";
      };
      "OBJ_100" = {
         isa = "PBXFileReference";
         path = "MerchantTaskProcedureTests.swift";
         sourceTree = "<group>";
      };
      "OBJ_101" = {
         isa = "PBXFileReference";
         path = "MerchantTaskTests.swift";
         sourceTree = "<group>";
      };
      "OBJ_102" = {
         isa = "PBXFileReference";
         path = "MerchantTests.swift";
         sourceTree = "<group>";
      };
      "OBJ_103" = {
         isa = "PBXFileReference";
         path = "PKCS7ReceiptDataContainerTests.swift";
         sourceTree = "<group>";
      };
      "OBJ_104" = {
         isa = "PBXFileReference";
         path = "PriceFormatterTests.swift";
         sourceTree = "<group>";
      };
      "OBJ_105" = {
         isa = "PBXFileReference";
         path = "PriceTests.swift";
         sourceTree = "<group>";
      };
      "OBJ_106" = {
         isa = "PBXFileReference";
         path = "ProductInterfaceControllerTests.swift";
         sourceTree = "<group>";
      };
      "OBJ_107" = {
         isa = "PBXFileReference";
         path = "PurchaseRecordTests.swift";
         sourceTree = "<group>";
      };
      "OBJ_108" = {
         isa = "PBXFileReference";
         path = "PurchaseSetTests.swift";
         sourceTree = "<group>";
      };
      "OBJ_109" = {
         isa = "PBXFileReference";
         path = "PurchaseStorageTests.swift";
         sourceTree = "<group>";
      };
      "OBJ_11" = {
         isa = "PBXFileReference";
         path = "ASN1BufferType.swift";
         sourceTree = "<group>";
      };
      "OBJ_110" = {
         isa = "PBXFileReference";
         path = "PurchaseTests.swift";
         sourceTree = "<group>";
      };
      "OBJ_111" = {
         isa = "PBXFileReference";
         path = "PurchasedStateTests.swift";
         sourceTree = "<group>";
      };
      "OBJ_112" = {
         isa = "PBXFileReference";
         path = "ReceiptAttributeASN1SetProcessorTests.swift";
         sourceTree = "<group>";
      };
      "OBJ_113" = {
         isa = "PBXFileReference";
         path = "ServerReceiptResponseParserTests.swift";
         sourceTree = "<group>";
      };
      "OBJ_114" = {
         isa = "PBXFileReference";
         path = "StoreIntentResponseTests.swift";
         sourceTree = "<group>";
      };
      "OBJ_115" = {
         isa = "PBXFileReference";
         path = "StoreKitAvailablePurchasesFetcherTests.swift";
         sourceTree = "<group>";
      };
      "OBJ_116" = {
         isa = "PBXFileReference";
         path = "StoreKitReceiptDataFetcherTests.swift";
         sourceTree = "<group>";
      };
      "OBJ_117" = {
         isa = "PBXFileReference";
         path = "StoreKitStoreInterfaceTests.swift";
         sourceTree = "<group>";
      };
      "OBJ_118" = {
         isa = "PBXFileReference";
         path = "StoreKitTransactionObserverTests.swift";
         sourceTree = "<group>";
      };
      "OBJ_119" = {
         isa = "PBXFileReference";
         path = "SubscriptionPeriodFormatterTests.swift";
         sourceTree = "<group>";
      };
      "OBJ_12" = {
         isa = "PBXFileReference";
         path = "ASN1BufferValue.swift";
         sourceTree = "<group>";
      };
      "OBJ_120" = {
         isa = "PBXFileReference";
         path = "SubscriptionPriceFormatterTests.swift";
         sourceTree = "<group>";
      };
      "OBJ_121" = {
         isa = "PBXGroup";
         children = (
            "OBJ_122",
            "OBJ_123",
            "OBJ_124",
            "OBJ_125",
            "OBJ_126",
            "OBJ_127",
            "OBJ_128",
            "OBJ_129",
            "OBJ_130",
            "OBJ_131",
            "OBJ_132",
            "OBJ_133",
            "OBJ_134",
            "OBJ_135",
            "OBJ_136"
         );
         name = "Test Utilities";
         path = "Test Utilities";
         sourceTree = "<group>";
      };
      "OBJ_122" = {
         isa = "PBXFileReference";
         path = "ASN1Utilities.swift";
         sourceTree = "<group>";
      };
      "OBJ_123" = {
         isa = "PBXFileReference";
         path = "MockError.swift";
         sourceTree = "<group>";
      };
      "OBJ_124" = {
         isa = "PBXFileReference";
         path = "MockMerchantConsumableProductHandler.swift";
         sourceTree = "<group>";
      };
      "OBJ_125" = {
         isa = "PBXFileReference";
         path = "MockMerchantDelegate.swift";
         sourceTree = "<group>";
      };
      "OBJ_126" = {
         isa = "PBXFileReference";
         path = "MockReceiptValidator.swift";
         sourceTree = "<group>";
      };
      "OBJ_127" = {
         isa = "PBXFileReference";
         path = "MockSKPayment.swift";
         sourceTree = "<group>";
      };
      "OBJ_128" = {
         isa = "PBXFileReference";
         path = "MockSKPaymentQueue.swift";
         sourceTree = "<group>";
      };
      "OBJ_129" = {
         isa = "PBXFileReference";
         path = "MockSKPaymentTransaction.swift";
         sourceTree = "<group>";
      };
      "OBJ_13" = {
         isa = "PBXFileReference";
         path = "ASN1ObjectIdentifier.swift";
         sourceTree = "<group>";
      };
      "OBJ_130" = {
         isa = "PBXFileReference";
         path = "MockSKProduct.swift";
         sourceTree = "<group>";
      };
      "OBJ_131" = {
         isa = "PBXFileReference";
         path = "MockSKProductDiscount.swift";
         sourceTree = "<group>";
      };
      "OBJ_132" = {
         isa = "PBXFileReference";
         path = "MockSKProductSubscriptionPeriod.swift";
         sourceTree = "<group>";
      };
      "OBJ_133" = {
         isa = "PBXFileReference";
         path = "MockSKProductWithSubscription.swift";
         sourceTree = "<group>";
      };
      "OBJ_134" = {
         isa = "PBXFileReference";
         path = "MockStoreInterface.swift";
         sourceTree = "<group>";
      };
      "OBJ_135" = {
         isa = "PBXFileReference";
         path = "MockStoreInterfaceDelegate.swift";
         sourceTree = "<group>";
      };
      "OBJ_136" = {
         isa = "PBXFileReference";
         path = "TestsUtilities.swift";
         sourceTree = "<group>";
      };
      "OBJ_137" = {
         isa = "PBXGroup";
         children = (
            "MerchantKit::MerchantKit::Product",
            "MerchantKit::MerchantKitTests::Product"
         );
         name = "Products";
         path = "";
         sourceTree = "BUILT_PRODUCTS_DIR";
      };
      "OBJ_14" = {
         isa = "PBXFileReference";
         path = "ASN1Parser.swift";
         sourceTree = "<group>";
      };
      "OBJ_140" = {
         isa = "PBXFileReference";
         path = "TestsHost-macOS";
         sourceTree = "SOURCE_ROOT";
      };
      "OBJ_141" = {
         isa = "PBXFileReference";
         path = "MerchantKitTests-macOS";
         sourceTree = "SOURCE_ROOT";
      };
      "OBJ_142" = {
         isa = "PBXFileReference";
         path = "Example";
         sourceTree = "SOURCE_ROOT";
      };
      "OBJ_143" = {
         isa = "PBXFileReference";
         path = "TestsHost-iOS";
         sourceTree = "SOURCE_ROOT";
      };
      "OBJ_144" = {
         isa = "PBXFileReference";
         path = "LICENSE";
         sourceTree = "<group>";
      };
      "OBJ_145" = {
         isa = "PBXFileReference";
         path = "MerchantKit.podspec";
         sourceTree = "<group>";
      };
      "OBJ_146" = {
         isa = "PBXFileReference";
         path = "README.md";
         sourceTree = "<group>";
      };
      "OBJ_147" = {
         isa = "PBXFileReference";
         path = "Info.plist";
         sourceTree = "<group>";
      };
      "OBJ_149" = {
         isa = "XCConfigurationList";
         buildConfigurations = (
            "OBJ_150",
            "OBJ_151"
         );
         defaultConfigurationIsVisible = "0";
         defaultConfigurationName = "Release";
      };
      "OBJ_15" = {
         isa = "PBXFileReference";
         path = "ASN1PayloadValueConversion.swift";
         sourceTree = "<group>";
      };
      "OBJ_150" = {
         isa = "XCBuildConfiguration";
         buildSettings = {
            ENABLE_TESTABILITY = "YES";
            FRAMEWORK_SEARCH_PATHS = (
               "$(inherited)",
               "$(PLATFORM_DIR)/Developer/Library/Frameworks"
            );
            HEADER_SEARCH_PATHS = (
               "$(inherited)"
            );
            INFOPLIST_FILE = "MerchantKit.xcodeproj/MerchantKit_Info.plist";
            IPHONEOS_DEPLOYMENT_TARGET = "11.0";
            LD_RUNPATH_SEARCH_PATHS = (
               "$(inherited)",
               "$(TOOLCHAIN_DIR)/usr/lib/swift/macosx"
            );
            MACOSX_DEPLOYMENT_TARGET = "10.14";
            OTHER_CFLAGS = (
               "$(inherited)"
            );
            OTHER_LDFLAGS = (
               "$(inherited)"
            );
            OTHER_SWIFT_FLAGS = (
               "$(inherited)"
            );
            PRODUCT_BUNDLE_IDENTIFIER = "MerchantKit";
            PRODUCT_MODULE_NAME = "$(TARGET_NAME:c99extidentifier)";
            PRODUCT_NAME = "$(TARGET_NAME:c99extidentifier)";
            SKIP_INSTALL = "YES";
            SWIFT_ACTIVE_COMPILATION_CONDITIONS = (
               "$(inherited)"
            );
            SWIFT_VERSION = "5.0";
            TARGET_NAME = "MerchantKit";
            TVOS_DEPLOYMENT_TARGET = "9.0";
            WATCHOS_DEPLOYMENT_TARGET = "2.0";
         };
         name = "Debug";
      };
      "OBJ_151" = {
         isa = "XCBuildConfiguration";
         buildSettings = {
            ENABLE_TESTABILITY = "YES";
            FRAMEWORK_SEARCH_PATHS = (
               "$(inherited)",
               "$(PLATFORM_DIR)/Developer/Library/Frameworks"
            );
            HEADER_SEARCH_PATHS = (
               "$(inherited)"
            );
            INFOPLIST_FILE = "MerchantKit.xcodeproj/MerchantKit_Info.plist";
            IPHONEOS_DEPLOYMENT_TARGET = "11.0";
            LD_RUNPATH_SEARCH_PATHS = (
               "$(inherited)",
               "$(TOOLCHAIN_DIR)/usr/lib/swift/macosx"
            );
            MACOSX_DEPLOYMENT_TARGET = "10.14";
            OTHER_CFLAGS = (
               "$(inherited)"
            );
            OTHER_LDFLAGS = (
               "$(inherited)"
            );
            OTHER_SWIFT_FLAGS = (
               "$(inherited)"
            );
            PRODUCT_BUNDLE_IDENTIFIER = "MerchantKit";
            PRODUCT_MODULE_NAME = "$(TARGET_NAME:c99extidentifier)";
            PRODUCT_NAME = "$(TARGET_NAME:c99extidentifier)";
            SKIP_INSTALL = "YES";
            SWIFT_ACTIVE_COMPILATION_CONDITIONS = (
               "$(inherited)"
            );
            SWIFT_VERSION = "5.0";
            TARGET_NAME = "MerchantKit";
            TVOS_DEPLOYMENT_TARGET = "9.0";
            WATCHOS_DEPLOYMENT_TARGET = "2.0";
         };
         name = "Release";
      };
      "OBJ_152" = {
         isa = "PBXSourcesBuildPhase";
         files = (
            "OBJ_153",
            "OBJ_154",
            "OBJ_155",
            "OBJ_156",
            "OBJ_157",
            "OBJ_158",
            "OBJ_159",
            "OBJ_160",
            "OBJ_161",
            "OBJ_162",
            "OBJ_163",
            "OBJ_164",
            "OBJ_165",
            "OBJ_166",
            "OBJ_167",
            "OBJ_168",
            "OBJ_169",
            "OBJ_170",
            "OBJ_171",
            "OBJ_172",
            "OBJ_173",
            "OBJ_174",
            "OBJ_175",
            "OBJ_176",
            "OBJ_177",
            "OBJ_178",
            "OBJ_179",
            "OBJ_180",
            "OBJ_181",
            "OBJ_182",
            "OBJ_183",
            "OBJ_184",
            "OBJ_185",
            "OBJ_186",
            "OBJ_187",
            "OBJ_188",
            "OBJ_189",
            "OBJ_190",
            "OBJ_191",
            "OBJ_192",
            "OBJ_193",
            "OBJ_194",
            "OBJ_195",
            "OBJ_196",
            "OBJ_197",
            "OBJ_198",
            "OBJ_199",
            "OBJ_200",
            "OBJ_201",
            "OBJ_202",
            "OBJ_203",
            "OBJ_204",
            "OBJ_205",
            "OBJ_206",
            "OBJ_207",
            "OBJ_208",
            "OBJ_209",
            "OBJ_210",
            "OBJ_211",
            "OBJ_212",
            "OBJ_213",
            "OBJ_214",
            "OBJ_215",
            "OBJ_216",
            "OBJ_217",
            "OBJ_218",
            "OBJ_219",
            "OBJ_220",
            "OBJ_221",
            "OBJ_222",
            "OBJ_223"
         );
      };
      "OBJ_153" = {
         isa = "PBXBuildFile";
         fileRef = "OBJ_10";
      };
      "OBJ_154" = {
         isa = "PBXBuildFile";
         fileRef = "OBJ_11";
      };
      "OBJ_155" = {
         isa = "PBXBuildFile";
         fileRef = "OBJ_12";
      };
      "OBJ_156" = {
         isa = "PBXBuildFile";
         fileRef = "OBJ_13";
      };
      "OBJ_157" = {
         isa = "PBXBuildFile";
         fileRef = "OBJ_14";
      };
      "OBJ_158" = {
         isa = "PBXBuildFile";
         fileRef = "OBJ_15";
      };
      "OBJ_159" = {
         isa = "PBXBuildFile";
         fileRef = "OBJ_16";
      };
      "OBJ_16" = {
         isa = "PBXFileReference";
         path = "AvailablePurchasesFetcher.swift";
         sourceTree = "<group>";
      };
      "OBJ_160" = {
         isa = "PBXBuildFile";
         fileRef = "OBJ_17";
      };
      "OBJ_161" = {
         isa = "PBXBuildFile";
         fileRef = "OBJ_19";
      };
      "OBJ_162" = {
         isa = "PBXBuildFile";
         fileRef = "OBJ_20";
      };
      "OBJ_163" = {
         isa = "PBXBuildFile";
         fileRef = "OBJ_21";
      };
      "OBJ_164" = {
         isa = "PBXBuildFile";
         fileRef = "OBJ_22";
      };
      "OBJ_165" = {
         isa = "PBXBuildFile";
         fileRef = "OBJ_23";
      };
      "OBJ_166" = {
         isa = "PBXBuildFile";
         fileRef = "OBJ_24";
      };
      "OBJ_167" = {
         isa = "PBXBuildFile";
         fileRef = "OBJ_25";
      };
      "OBJ_168" = {
         isa = "PBXBuildFile";
         fileRef = "OBJ_26";
      };
      "OBJ_169" = {
         isa = "PBXBuildFile";
         fileRef = "OBJ_27";
      };
      "OBJ_17" = {
         isa = "PBXFileReference";
         path = "ConstructedReceipt.swift";
         sourceTree = "<group>";
      };
      "OBJ_170" = {
         isa = "PBXBuildFile";
         fileRef = "OBJ_28";
      };
      "OBJ_171" = {
         isa = "PBXBuildFile";
         fileRef = "OBJ_29";
      };
      "OBJ_172" = {
         isa = "PBXBuildFile";
         fileRef = "OBJ_30";
      };
      "OBJ_173" = {
         isa = "PBXBuildFile";
         fileRef = "OBJ_31";
      };
      "OBJ_174" = {
         isa = "PBXBuildFile";
         fileRef = "OBJ_32";
      };
      "OBJ_175" = {
         isa = "PBXBuildFile";
         fileRef = "OBJ_33";
      };
      "OBJ_176" = {
         isa = "PBXBuildFile";
         fileRef = "OBJ_34";
      };
      "OBJ_177" = {
         isa = "PBXBuildFile";
         fileRef = "OBJ_35";
      };
      "OBJ_178" = {
         isa = "PBXBuildFile";
         fileRef = "OBJ_36";
      };
      "OBJ_179" = {
         isa = "PBXBuildFile";
         fileRef = "OBJ_37";
      };
      "OBJ_18" = {
         isa = "PBXGroup";
         children = (
            "OBJ_19",
            "OBJ_20",
            "OBJ_21",
            "OBJ_22",
            "OBJ_23",
            "OBJ_24"
         );
         name = "Extension Utilities";
         path = "Extension Utilities";
         sourceTree = "<group>";
      };
      "OBJ_180" = {
         isa = "PBXBuildFile";
         fileRef = "OBJ_38";
      };
      "OBJ_181" = {
         isa = "PBXBuildFile";
         fileRef = "OBJ_39";
      };
      "OBJ_182" = {
         isa = "PBXBuildFile";
         fileRef = "OBJ_40";
      };
      "OBJ_183" = {
         isa = "PBXBuildFile";
         fileRef = "OBJ_42";
      };
      "OBJ_184" = {
         isa = "PBXBuildFile";
         fileRef = "OBJ_43";
      };
      "OBJ_185" = {
         isa = "PBXBuildFile";
         fileRef = "OBJ_44";
      };
      "OBJ_186" = {
         isa = "PBXBuildFile";
         fileRef = "OBJ_45";
      };
      "OBJ_187" = {
         isa = "PBXBuildFile";
         fileRef = "OBJ_46";
      };
      "OBJ_188" = {
         isa = "PBXBuildFile";
         fileRef = "OBJ_47";
      };
      "OBJ_189" = {
         isa = "PBXBuildFile";
         fileRef = "OBJ_48";
      };
      "OBJ_19" = {
         isa = "PBXFileReference";
         path = "CollectionUtilities.swift";
         sourceTree = "<group>";
      };
      "OBJ_190" = {
         isa = "PBXBuildFile";
         fileRef = "OBJ_49";
      };
      "OBJ_191" = {
         isa = "PBXBuildFile";
         fileRef = "OBJ_50";
      };
      "OBJ_192" = {
         isa = "PBXBuildFile";
         fileRef = "OBJ_52";
      };
      "OBJ_193" = {
         isa = "PBXBuildFile";
         fileRef = "OBJ_53";
      };
      "OBJ_194" = {
         isa = "PBXBuildFile";
         fileRef = "OBJ_54";
      };
      "OBJ_195" = {
         isa = "PBXBuildFile";
         fileRef = "OBJ_55";
      };
      "OBJ_196" = {
         isa = "PBXBuildFile";
         fileRef = "OBJ_56";
      };
      "OBJ_197" = {
         isa = "PBXBuildFile";
         fileRef = "OBJ_57";
      };
      "OBJ_198" = {
         isa = "PBXBuildFile";
         fileRef = "OBJ_58";
      };
      "OBJ_199" = {
         isa = "PBXBuildFile";
         fileRef = "OBJ_59";
      };
      "OBJ_2" = {
         isa = "XCConfigurationList";
         buildConfigurations = (
            "OBJ_3",
            "OBJ_4"
         );
         defaultConfigurationIsVisible = "0";
         defaultConfigurationName = "Release";
      };
      "OBJ_20" = {
         isa = "PBXFileReference";
         path = "DateUtilities.swift";
         sourceTree = "<group>";
      };
      "OBJ_200" = {
         isa = "PBXBuildFile";
         fileRef = "OBJ_60";
      };
      "OBJ_201" = {
         isa = "PBXBuildFile";
         fileRef = "OBJ_61";
      };
      "OBJ_202" = {
         isa = "PBXBuildFile";
         fileRef = "OBJ_62";
      };
      "OBJ_203" = {
         isa = "PBXBuildFile";
         fileRef = "OBJ_63";
      };
      "OBJ_204" = {
         isa = "PBXBuildFile";
         fileRef = "OBJ_64";
      };
      "OBJ_205" = {
         isa = "PBXBuildFile";
         fileRef = "OBJ_65";
      };
      "OBJ_206" = {
         isa = "PBXBuildFile";
         fileRef = "OBJ_66";
      };
      "OBJ_207" = {
         isa = "PBXBuildFile";
         fileRef = "OBJ_68";
      };
      "OBJ_208" = {
         isa = "PBXBuildFile";
         fileRef = "OBJ_69";
      };
      "OBJ_209" = {
         isa = "PBXBuildFile";
         fileRef = "OBJ_70";
      };
      "OBJ_21" = {
         isa = "PBXFileReference";
         path = "DescriptionUtilities.swift";
         sourceTree = "<group>";
      };
      "OBJ_210" = {
         isa = "PBXBuildFile";
         fileRef = "OBJ_71";
      };
      "OBJ_211" = {
         isa = "PBXBuildFile";
         fileRef = "OBJ_72";
      };
      "OBJ_212" = {
         isa = "PBXBuildFile";
         fileRef = "OBJ_74";
      };
      "OBJ_213" = {
         isa = "PBXBuildFile";
         fileRef = "OBJ_75";
      };
      "OBJ_214" = {
         isa = "PBXBuildFile";
         fileRef = "OBJ_76";
      };
      "OBJ_215" = {
         isa = "PBXBuildFile";
         fileRef = "OBJ_78";
      };
      "OBJ_216" = {
         isa = "PBXBuildFile";
         fileRef = "OBJ_79";
      };
      "OBJ_217" = {
         isa = "PBXBuildFile";
         fileRef = "OBJ_80";
      };
      "OBJ_218" = {
         isa = "PBXBuildFile";
         fileRef = "OBJ_81";
      };
      "OBJ_219" = {
         isa = "PBXBuildFile";
         fileRef = "OBJ_82";
      };
      "OBJ_22" = {
         isa = "PBXFileReference";
         path = "MerchantTaskUtilities.swift";
         sourceTree = "<group>";
      };
      "OBJ_220" = {
         isa = "PBXBuildFile";
         fileRef = "OBJ_84";
      };
      "OBJ_221" = {
         isa = "PBXBuildFile";
         fileRef = "OBJ_85";
      };
      "OBJ_222" = {
         isa = "PBXBuildFile";
         fileRef = "OBJ_86";
      };
      "OBJ_223" = {
         isa = "PBXBuildFile";
         fileRef = "OBJ_87";
      };
      "OBJ_224" = {
         isa = "PBXFrameworksBuildPhase";
         files = (
         );
      };
      "OBJ_226" = {
         isa = "XCConfigurationList";
         buildConfigurations = (
            "OBJ_227",
            "OBJ_228"
         );
         defaultConfigurationIsVisible = "0";
         defaultConfigurationName = "Release";
      };
      "OBJ_227" = {
         isa = "XCBuildConfiguration";
         buildSettings = {
            LD = "/usr/bin/true";
            OTHER_SWIFT_FLAGS = (
               "-swift-version",
               "5",
               "-I",
               "$(TOOLCHAIN_DIR)/usr/lib/swift/pm/4_2",
               "-target",
               "x86_64-apple-macosx10.10",
               "-sdk",
               "/Applications/Xcode-beta.app/Contents/Developer/Platforms/MacOSX.platform/Developer/SDKs/MacOSX10.15.sdk",
               "-package-description-version",
               "5"
            );
            SWIFT_VERSION = "5.0";
         };
         name = "Debug";
      };
      "OBJ_228" = {
         isa = "XCBuildConfiguration";
         buildSettings = {
            LD = "/usr/bin/true";
            OTHER_SWIFT_FLAGS = (
               "-swift-version",
               "5",
               "-I",
               "$(TOOLCHAIN_DIR)/usr/lib/swift/pm/4_2",
               "-target",
               "x86_64-apple-macosx10.10",
               "-sdk",
               "/Applications/Xcode-beta.app/Contents/Developer/Platforms/MacOSX.platform/Developer/SDKs/MacOSX10.15.sdk",
               "-package-description-version",
               "5"
            );
            SWIFT_VERSION = "5.0";
         };
         name = "Release";
      };
      "OBJ_229" = {
         isa = "PBXSourcesBuildPhase";
         files = (
            "OBJ_230"
         );
      };
      "OBJ_23" = {
         isa = "PBXFileReference";
         path = "ResultUtilities.swift";
         sourceTree = "<group>";
      };
      "OBJ_230" = {
         isa = "PBXBuildFile";
         fileRef = "OBJ_6";
      };
      "OBJ_232" = {
         isa = "XCConfigurationList";
         buildConfigurations = (
            "OBJ_233",
            "OBJ_234"
         );
         defaultConfigurationIsVisible = "0";
         defaultConfigurationName = "Release";
      };
      "OBJ_233" = {
         isa = "XCBuildConfiguration";
         buildSettings = {
         };
         name = "Debug";
      };
      "OBJ_234" = {
         isa = "XCBuildConfiguration";
         buildSettings = {
         };
         name = "Release";
      };
      "OBJ_235" = {
         isa = "PBXTargetDependency";
         target = "MerchantKit::MerchantKitTests";
      };
      "OBJ_237" = {
         isa = "XCConfigurationList";
         buildConfigurations = (
            "OBJ_238",
            "OBJ_239"
         );
         defaultConfigurationIsVisible = "0";
         defaultConfigurationName = "Release";
      };
      "OBJ_238" = {
         isa = "XCBuildConfiguration";
         buildSettings = {
            CLANG_ENABLE_MODULES = "YES";
            EMBEDDED_CONTENT_CONTAINS_SWIFT = "YES";
            FRAMEWORK_SEARCH_PATHS = (
               "$(inherited)",
               "$(PLATFORM_DIR)/Developer/Library/Frameworks"
            );
            HEADER_SEARCH_PATHS = (
               "$(inherited)"
            );
            INFOPLIST_FILE = "MerchantKit.xcodeproj/MerchantKitTests_Info.plist";
            IPHONEOS_DEPLOYMENT_TARGET = "11.0";
            LD_RUNPATH_SEARCH_PATHS = (
               "$(inherited)",
               "@loader_path/../Frameworks",
               "@loader_path/Frameworks"
            );
            MACOSX_DEPLOYMENT_TARGET = "10.14";
            OTHER_CFLAGS = (
               "$(inherited)"
            );
            OTHER_LDFLAGS = (
               "$(inherited)"
            );
            OTHER_SWIFT_FLAGS = (
               "$(inherited)"
            );
            SWIFT_ACTIVE_COMPILATION_CONDITIONS = (
               "$(inherited)"
            );
            SWIFT_VERSION = "5.0";
            TARGET_NAME = "MerchantKitTests";
            TVOS_DEPLOYMENT_TARGET = "9.0";
            WATCHOS_DEPLOYMENT_TARGET = "2.0";
         };
         name = "Debug";
      };
      "OBJ_239" = {
         isa = "XCBuildConfiguration";
         buildSettings = {
            CLANG_ENABLE_MODULES = "YES";
            EMBEDDED_CONTENT_CONTAINS_SWIFT = "YES";
            FRAMEWORK_SEARCH_PATHS = (
               "$(inherited)",
               "$(PLATFORM_DIR)/Developer/Library/Frameworks"
            );
            HEADER_SEARCH_PATHS = (
               "$(inherited)"
            );
            INFOPLIST_FILE = "MerchantKit.xcodeproj/MerchantKitTests_Info.plist";
            IPHONEOS_DEPLOYMENT_TARGET = "11.0";
            LD_RUNPATH_SEARCH_PATHS = (
               "$(inherited)",
               "@loader_path/../Frameworks",
               "@loader_path/Frameworks"
            );
            MACOSX_DEPLOYMENT_TARGET = "10.14";
            OTHER_CFLAGS = (
               "$(inherited)"
            );
            OTHER_LDFLAGS = (
               "$(inherited)"
            );
            OTHER_SWIFT_FLAGS = (
               "$(inherited)"
            );
            SWIFT_ACTIVE_COMPILATION_CONDITIONS = (
               "$(inherited)"
            );
            SWIFT_VERSION = "5.0";
            TARGET_NAME = "MerchantKitTests";
            TVOS_DEPLOYMENT_TARGET = "9.0";
            WATCHOS_DEPLOYMENT_TARGET = "2.0";
         };
         name = "Release";
      };
      "OBJ_24" = {
         isa = "PBXFileReference";
         path = "StringUtilities.swift";
         sourceTree = "<group>";
      };
      "OBJ_240" = {
         isa = "PBXSourcesBuildPhase";
         files = (
            "OBJ_241",
            "OBJ_242",
            "OBJ_243",
            "OBJ_244",
            "OBJ_245",
            "OBJ_246",
            "OBJ_247",
            "OBJ_248",
            "OBJ_249",
            "OBJ_250",
            "OBJ_251",
            "OBJ_252",
            "OBJ_253",
            "OBJ_254",
            "OBJ_255",
            "OBJ_256",
            "OBJ_257",
            "OBJ_258",
            "OBJ_259",
            "OBJ_260",
            "OBJ_261",
            "OBJ_262",
            "OBJ_263",
            "OBJ_264",
            "OBJ_265",
            "OBJ_266",
            "OBJ_267",
            "OBJ_268",
            "OBJ_269",
            "OBJ_270",
            "OBJ_271",
            "OBJ_272",
            "OBJ_273",
            "OBJ_274",
            "OBJ_275",
            "OBJ_276",
            "OBJ_277",
            "OBJ_278",
            "OBJ_279",
            "OBJ_280",
            "OBJ_281",
            "OBJ_282",
            "OBJ_283",
            "OBJ_284",
            "OBJ_285"
         );
      };
      "OBJ_241" = {
         isa = "PBXBuildFile";
         fileRef = "OBJ_91";
      };
      "OBJ_242" = {
         isa = "PBXBuildFile";
         fileRef = "OBJ_92";
      };
      "OBJ_243" = {
         isa = "PBXBuildFile";
         fileRef = "OBJ_93";
      };
      "OBJ_244" = {
         isa = "PBXBuildFile";
         fileRef = "OBJ_94";
      };
      "OBJ_245" = {
         isa = "PBXBuildFile";
         fileRef = "OBJ_95";
      };
      "OBJ_246" = {
         isa = "PBXBuildFile";
         fileRef = "OBJ_96";
      };
      "OBJ_247" = {
         isa = "PBXBuildFile";
         fileRef = "OBJ_97";
      };
      "OBJ_248" = {
         isa = "PBXBuildFile";
         fileRef = "OBJ_98";
      };
      "OBJ_249" = {
         isa = "PBXBuildFile";
         fileRef = "OBJ_99";
      };
      "OBJ_25" = {
         isa = "PBXFileReference";
         path = "LocalReceiptDataDecoder.swift";
         sourceTree = "<group>";
      };
      "OBJ_250" = {
         isa = "PBXBuildFile";
         fileRef = "OBJ_100";
      };
      "OBJ_251" = {
         isa = "PBXBuildFile";
         fileRef = "OBJ_101";
      };
      "OBJ_252" = {
         isa = "PBXBuildFile";
         fileRef = "OBJ_102";
      };
      "OBJ_253" = {
         isa = "PBXBuildFile";
         fileRef = "OBJ_103";
      };
      "OBJ_254" = {
         isa = "PBXBuildFile";
         fileRef = "OBJ_104";
      };
      "OBJ_255" = {
         isa = "PBXBuildFile";
         fileRef = "OBJ_105";
      };
      "OBJ_256" = {
         isa = "PBXBuildFile";
         fileRef = "OBJ_106";
      };
      "OBJ_257" = {
         isa = "PBXBuildFile";
         fileRef = "OBJ_107";
      };
      "OBJ_258" = {
         isa = "PBXBuildFile";
         fileRef = "OBJ_108";
      };
      "OBJ_259" = {
         isa = "PBXBuildFile";
         fileRef = "OBJ_109";
      };
      "OBJ_26" = {
         isa = "PBXFileReference";
         path = "LocalReceiptPayloadParser.swift";
         sourceTree = "<group>";
      };
      "OBJ_260" = {
         isa = "PBXBuildFile";
         fileRef = "OBJ_110";
      };
      "OBJ_261" = {
         isa = "PBXBuildFile";
         fileRef = "OBJ_111";
      };
      "OBJ_262" = {
         isa = "PBXBuildFile";
         fileRef = "OBJ_112";
      };
      "OBJ_263" = {
         isa = "PBXBuildFile";
         fileRef = "OBJ_113";
      };
      "OBJ_264" = {
         isa = "PBXBuildFile";
         fileRef = "OBJ_114";
      };
      "OBJ_265" = {
         isa = "PBXBuildFile";
         fileRef = "OBJ_115";
      };
      "OBJ_266" = {
         isa = "PBXBuildFile";
         fileRef = "OBJ_116";
      };
      "OBJ_267" = {
         isa = "PBXBuildFile";
         fileRef = "OBJ_117";
      };
      "OBJ_268" = {
         isa = "PBXBuildFile";
         fileRef = "OBJ_118";
      };
      "OBJ_269" = {
         isa = "PBXBuildFile";
         fileRef = "OBJ_119";
      };
      "OBJ_27" = {
         isa = "PBXFileReference";
         path = "LocalizedResources.swift";
         sourceTree = "<group>";
      };
      "OBJ_270" = {
         isa = "PBXBuildFile";
         fileRef = "OBJ_120";
      };
      "OBJ_271" = {
         isa = "PBXBuildFile";
         fileRef = "OBJ_122";
      };
      "OBJ_272" = {
         isa = "PBXBuildFile";
         fileRef = "OBJ_123";
      };
      "OBJ_273" = {
         isa = "PBXBuildFile";
         fileRef = "OBJ_124";
      };
      "OBJ_274" = {
         isa = "PBXBuildFile";
         fileRef = "OBJ_125";
      };
      "OBJ_275" = {
         isa = "PBXBuildFile";
         fileRef = "OBJ_126";
      };
      "OBJ_276" = {
         isa = "PBXBuildFile";
         fileRef = "OBJ_127";
      };
      "OBJ_277" = {
         isa = "PBXBuildFile";
         fileRef = "OBJ_128";
      };
      "OBJ_278" = {
         isa = "PBXBuildFile";
         fileRef = "OBJ_129";
      };
      "OBJ_279" = {
         isa = "PBXBuildFile";
         fileRef = "OBJ_130";
      };
      "OBJ_28" = {
         isa = "PBXFileReference";
         path = "Logger.swift";
         sourceTree = "<group>";
      };
      "OBJ_280" = {
         isa = "PBXBuildFile";
         fileRef = "OBJ_131";
      };
      "OBJ_281" = {
         isa = "PBXBuildFile";
         fileRef = "OBJ_132";
      };
      "OBJ_282" = {
         isa = "PBXBuildFile";
         fileRef = "OBJ_133";
      };
      "OBJ_283" = {
         isa = "PBXBuildFile";
         fileRef = "OBJ_134";
      };
      "OBJ_284" = {
         isa = "PBXBuildFile";
         fileRef = "OBJ_135";
      };
      "OBJ_285" = {
         isa = "PBXBuildFile";
         fileRef = "OBJ_136";
      };
      "OBJ_286" = {
         isa = "PBXFrameworksBuildPhase";
         files = (
            "OBJ_287"
         );
      };
      "OBJ_287" = {
         isa = "PBXBuildFile";
         fileRef = "MerchantKit::MerchantKit::Product";
      };
      "OBJ_288" = {
         isa = "PBXTargetDependency";
         target = "MerchantKit::MerchantKit";
      };
      "OBJ_29" = {
         isa = "PBXFileReference";
         path = "MerchantKitFatalError.swift";
         sourceTree = "<group>";
      };
      "OBJ_3" = {
         isa = "XCBuildConfiguration";
         buildSettings = {
            CLANG_ENABLE_OBJC_ARC = "YES";
            COMBINE_HIDPI_IMAGES = "YES";
            COPY_PHASE_STRIP = "NO";
            DEBUG_INFORMATION_FORMAT = "dwarf";
            DYLIB_INSTALL_NAME_BASE = "@rpath";
            ENABLE_NS_ASSERTIONS = "YES";
            GCC_OPTIMIZATION_LEVEL = "0";
            GCC_PREPROCESSOR_DEFINITIONS = (
               "$(inherited)",
               "SWIFT_PACKAGE=1",
               "DEBUG=1"
            );
            MACOSX_DEPLOYMENT_TARGET = "10.10";
            ONLY_ACTIVE_ARCH = "YES";
            OTHER_SWIFT_FLAGS = (
               "$(inherited)",
               "-DXcode"
            );
            PRODUCT_NAME = "$(TARGET_NAME)";
            SDKROOT = "macosx";
            SUPPORTED_PLATFORMS = (
               "macosx",
               "iphoneos",
               "iphonesimulator",
               "appletvos",
               "appletvsimulator",
               "watchos",
               "watchsimulator"
            );
            SWIFT_ACTIVE_COMPILATION_CONDITIONS = (
               "$(inherited)",
               "SWIFT_PACKAGE",
               "DEBUG"
            );
            SWIFT_OPTIMIZATION_LEVEL = "-Onone";
            USE_HEADERMAP = "NO";
         };
         name = "Debug";
      };
      "OBJ_30" = {
         isa = "PBXFileReference";
         path = "MerchantPendingProductSet.swift";
         sourceTree = "<group>";
      };
      "OBJ_31" = {
         isa = "PBXFileReference";
         path = "MerchantProductPurchaseObservers.swift";
         sourceTree = "<group>";
      };
      "OBJ_32" = {
         isa = "PBXFileReference";
         path = "NetworkAvailabilityCenter.swift";
         sourceTree = "<group>";
      };
      "OBJ_33" = {
         isa = "PBXFileReference";
         path = "PKCS7ReceiptDataContainer.swift";
         sourceTree = "<group>";
      };
      "OBJ_34" = {
         isa = "PBXFileReference";
         path = "ReceiptAttributeASN1SetProcessor.swift";
         sourceTree = "<group>";
      };
      "OBJ_35" = {
         isa = "PBXFileReference";
         path = "ReceiptDataFetcher.swift";
         sourceTree = "<group>";
      };
      "OBJ_36" = {
         isa = "PBXFileReference";
         path = "ReceiptMetadataBuilder.swift";
         sourceTree = "<group>";
      };
      "OBJ_37" = {
         isa = "PBXFileReference";
         path = "ServerReceiptResponseParser.swift";
         sourceTree = "<group>";
      };
      "OBJ_38" = {
         isa = "PBXFileReference";
         path = "ServerReceiptVerificationDataFetcher.swift";
         sourceTree = "<group>";
      };
      "OBJ_39" = {
         isa = "PBXFileReference";
         path = "StoreInterface.swift";
         sourceTree = "<group>";
      };
      "OBJ_4" = {
         isa = "XCBuildConfiguration";
         buildSettings = {
            CLANG_ENABLE_OBJC_ARC = "YES";
            COMBINE_HIDPI_IMAGES = "YES";
            COPY_PHASE_STRIP = "YES";
            DEBUG_INFORMATION_FORMAT = "dwarf-with-dsym";
            DYLIB_INSTALL_NAME_BASE = "@rpath";
            GCC_OPTIMIZATION_LEVEL = "s";
            GCC_PREPROCESSOR_DEFINITIONS = (
               "$(inherited)",
               "SWIFT_PACKAGE=1"
            );
            MACOSX_DEPLOYMENT_TARGET = "10.10";
            OTHER_SWIFT_FLAGS = (
               "$(inherited)",
               "-DXcode"
            );
            PRODUCT_NAME = "$(TARGET_NAME)";
            SDKROOT = "macosx";
            SUPPORTED_PLATFORMS = (
               "macosx",
               "iphoneos",
               "iphonesimulator",
               "appletvos",
               "appletvsimulator",
               "watchos",
               "watchsimulator"
            );
            SWIFT_ACTIVE_COMPILATION_CONDITIONS = (
               "$(inherited)",
               "SWIFT_PACKAGE"
            );
            SWIFT_OPTIMIZATION_LEVEL = "-Owholemodule";
            USE_HEADERMAP = "NO";
         };
         name = "Release";
      };
      "OBJ_40" = {
         isa = "PBXFileReference";
         path = "StoreInterfaceDelegate.swift";
         sourceTree = "<group>";
      };
      "OBJ_41" = {
         isa = "PBXGroup";
         children = (
            "OBJ_42",
            "OBJ_43",
            "OBJ_44",
            "OBJ_45"
         );
         name = "StoreKitStoreInterface";
         path = "StoreKitStoreInterface";
         sourceTree = "<group>";
      };
      "OBJ_42" = {
         isa = "PBXFileReference";
         path = "StoreKitAvailablePurchasesFetcher.swift";
         sourceTree = "<group>";
      };
      "OBJ_43" = {
         isa = "PBXFileReference";
         path = "StoreKitReceiptDataFetcher.swift";
         sourceTree = "<group>";
      };
      "OBJ_44" = {
         isa = "PBXFileReference";
         path = "StoreKitStoreInterface.swift";
         sourceTree = "<group>";
      };
      "OBJ_45" = {
         isa = "PBXFileReference";
         path = "StoreKitTransactionObserver.swift";
         sourceTree = "<group>";
      };
      "OBJ_46" = {
         isa = "PBXFileReference";
         path = "TestingReceiptValidator.swift";
         sourceTree = "<group>";
      };
      "OBJ_47" = {
         isa = "PBXFileReference";
         path = "Merchant.swift";
         sourceTree = "<group>";
      };
      "OBJ_48" = {
         isa = "PBXFileReference";
         path = "MerchantConfiguration.swift";
         sourceTree = "<group>";
      };
      "OBJ_49" = {
         isa = "PBXFileReference";
         path = "MerchantConsumableProductHandler.swift";
         sourceTree = "<group>";
      };
      "OBJ_5" = {
         isa = "PBXGroup";
         children = (
            "OBJ_6",
            "OBJ_7",
            "OBJ_88",
            "OBJ_137",
            "OBJ_140",
            "OBJ_141",
            "OBJ_142",
            "OBJ_143",
            "OBJ_144",
            "OBJ_145",
            "OBJ_146",
            "OBJ_147"
         );
         path = "";
         sourceTree = "<group>";
      };
      "OBJ_50" = {
         isa = "PBXFileReference";
         path = "MerchantDelegate.swift";
         sourceTree = "<group>";
      };
      "OBJ_51" = {
         isa = "PBXGroup";
         children = (
            "OBJ_52",
            "OBJ_53",
            "OBJ_54",
            "OBJ_55",
            "OBJ_56",
            "OBJ_57",
            "OBJ_58",
            "OBJ_59",
            "OBJ_60",
            "OBJ_61",
            "OBJ_62",
            "OBJ_63",
            "OBJ_64",
            "OBJ_65",
            "OBJ_66"
         );
         name = "Model";
         path = "Model";
         sourceTree = "<group>";
      };
      "OBJ_52" = {
         isa = "PBXFileReference";
         path = "Price.swift";
         sourceTree = "<group>";
      };
      "OBJ_53" = {
         isa = "PBXFileReference";
         path = "Product.swift";
         sourceTree = "<group>";
      };
      "OBJ_54" = {
         isa = "PBXFileReference";
         path = "Purchase.swift";
         sourceTree = "<group>";
      };
      "OBJ_55" = {
         isa = "PBXFileReference";
         path = "PurchaseSet.swift";
         sourceTree = "<group>";
      };
      "OBJ_56" = {
         isa = "PBXFileReference";
         path = "PurchasedProductInfo.swift";
         sourceTree = "<group>";
      };
      "OBJ_57" = {
         isa = "PBXFileReference";
         path = "PurchasedState.swift";
         sourceTree = "<group>";
      };
      "OBJ_58" = {
         isa = "PBXFileReference";
         path = "Receipt.swift";
         sourceTree = "<group>";
      };
      "OBJ_59" = {
         isa = "PBXFileReference";
         path = "ReceiptEntry.swift";
         sourceTree = "<group>";
      };
      "OBJ_6" = {
         isa = "PBXFileReference";
         explicitFileType = "sourcecode.swift";
         path = "Package.swift";
         sourceTree = "<group>";
      };
      "OBJ_60" = {
         isa = "PBXFileReference";
         path = "ReceiptMetadata.swift";
         sourceTree = "<group>";
      };
      "OBJ_61" = {
         isa = "PBXFileReference";
         path = "ReceiptValidationRequest.swift";
         sourceTree = "<group>";
      };
      "OBJ_62" = {
         isa = "PBXFileReference";
         path = "StoreIntentResponse.swift";
         sourceTree = "<group>";
      };
      "OBJ_63" = {
         isa = "PBXFileReference";
         path = "StoreParameters.swift";
         sourceTree = "<group>";
      };
      "OBJ_64" = {
         isa = "PBXFileReference";
         path = "SubscriptionDuration.swift";
         sourceTree = "<group>";
      };
      "OBJ_65" = {
         isa = "PBXFileReference";
         path = "SubscriptionPeriod.swift";
         sourceTree = "<group>";
      };
      "OBJ_66" = {
         isa = "PBXFileReference";
         path = "SubscriptionTerms.swift";
         sourceTree = "<group>";
      };
      "OBJ_67" = {
         isa = "PBXGroup";
         children = (
            "OBJ_68",
            "OBJ_69",
            "OBJ_70",
            "OBJ_71",
            "OBJ_72"
         );
         name = "Persistence Storage";
         path = "Persistence Storage";
         sourceTree = "<group>";
      };
      "OBJ_68" = {
         isa = "PBXFileReference";
         path = "EphemeralPurchaseStorage.swift";
         sourceTree = "<group>";
      };
      "OBJ_69" = {
         isa = "PBXFileReference";
         path = "KeychainPurchaseStorage.swift";
         sourceTree = "<group>";
      };
      "OBJ_7" = {
         isa = "PBXGroup";
         children = (
            "OBJ_8",
            "OBJ_47",
            "OBJ_48",
            "OBJ_49",
            "OBJ_50",
            "OBJ_51",
            "OBJ_67",
            "OBJ_73",
            "OBJ_77",
            "OBJ_83"
         );
         name = "Sources";
         path = "Source";
         sourceTree = "SOURCE_ROOT";
      };
      "OBJ_70" = {
         isa = "PBXFileReference";
         path = "PurchaseRecord.swift";
         sourceTree = "<group>";
      };
      "OBJ_71" = {
         isa = "PBXFileReference";
         path = "PurchaseStorage.swift";
         sourceTree = "<group>";
      };
      "OBJ_72" = {
         isa = "PBXFileReference";
         path = "UserDefaultsPurchaseStorage.swift";
         sourceTree = "<group>";
      };
      "OBJ_73" = {
         isa = "PBXGroup";
         children = (
            "OBJ_74",
            "OBJ_75",
            "OBJ_76"
         );
         name = "Receipt Validators";
         path = "Receipt Validators";
         sourceTree = "<group>";
      };
      "OBJ_74" = {
         isa = "PBXFileReference";
         path = "LocalReceiptValidator.swift";
         sourceTree = "<group>";
      };
      "OBJ_75" = {
         isa = "PBXFileReference";
         path = "ReceiptValidator.swift";
         sourceTree = "<group>";
      };
      "OBJ_76" = {
         isa = "PBXFileReference";
         path = "ServerReceiptValidator.swift";
         sourceTree = "<group>";
      };
      "OBJ_77" = {
         isa = "PBXGroup";
         children = (
            "OBJ_78",
            "OBJ_79",
            "OBJ_80",
            "OBJ_81",
            "OBJ_82"
         );
         name = "Tasks";
         path = "Tasks";
         sourceTree = "<group>";
      };
      "OBJ_78" = {
         isa = "PBXFileReference";
         path = "AvailablePurchasesTask.swift";
         sourceTree = "<group>";
      };
      "OBJ_79" = {
         isa = "PBXFileReference";
         path = "CommitPurchaseTask.swift";
         sourceTree = "<group>";
      };
      "OBJ_8" = {
         isa = "PBXGroup";
         children = (
            "OBJ_9",
            "OBJ_16",
            "OBJ_17",
            "OBJ_18",
            "OBJ_25",
            "OBJ_26",
            "OBJ_27",
            "OBJ_28",
            "OBJ_29",
            "OBJ_30",
            "OBJ_31",
            "OBJ_32",
            "OBJ_33",
            "OBJ_34",
            "OBJ_35",
            "OBJ_36",
            "OBJ_37",
            "OBJ_38",
            "OBJ_39",
            "OBJ_40",
            "OBJ_41",
            "OBJ_46"
         );
         name = "Internal";
         path = "Internal";
         sourceTree = "<group>";
      };
      "OBJ_80" = {
         isa = "PBXFileReference";
         path = "MerchantTask.swift";
         sourceTree = "<group>";
      };
      "OBJ_81" = {
         isa = "PBXFileReference";
         path = "ReceiptMetadataTask.swift";
         sourceTree = "<group>";
      };
      "OBJ_82" = {
         isa = "PBXFileReference";
         path = "RestorePurchasesTask.swift";
         sourceTree = "<group>";
      };
      "OBJ_83" = {
         isa = "PBXGroup";
         children = (
            "OBJ_84",
            "OBJ_85",
            "OBJ_86",
            "OBJ_87"
         );
         name = "User Interface";
         path = "User Interface";
         sourceTree = "<group>";
      };
      "OBJ_84" = {
         isa = "PBXFileReference";
         path = "PriceFormatter.swift";
         sourceTree = "<group>";
      };
      "OBJ_85" = {
         isa = "PBXFileReference";
         path = "ProductInterfaceController.swift";
         sourceTree = "<group>";
      };
      "OBJ_86" = {
         isa = "PBXFileReference";
         path = "SubscriptionPeriodFormatter.swift";
         sourceTree = "<group>";
      };
      "OBJ_87" = {
         isa = "PBXFileReference";
         path = "SubscriptionPriceFormatter.swift";
         sourceTree = "<group>";
      };
      "OBJ_88" = {
         isa = "PBXGroup";
         children = (
            "OBJ_89",
            "OBJ_90",
            "OBJ_121"
         );
         name = "Tests";
         path = "Tests";
         sourceTree = "SOURCE_ROOT";
      };
      "OBJ_89" = {
         isa = "PBXFileReference";
         path = "Info.plist";
         sourceTree = "<group>";
      };
      "OBJ_9" = {
         isa = "PBXGroup";
         children = (
            "OBJ_10",
            "OBJ_11",
            "OBJ_12",
            "OBJ_13",
            "OBJ_14",
            "OBJ_15"
         );
         name = "ASN1";
         path = "ASN1";
         sourceTree = "<group>";
      };
      "OBJ_90" = {
         isa = "PBXGroup";
         children = (
            "OBJ_91",
            "OBJ_92",
            "OBJ_93",
            "OBJ_94",
            "OBJ_95",
            "OBJ_96",
            "OBJ_97",
            "OBJ_98",
            "OBJ_99",
            "OBJ_100",
            "OBJ_101",
            "OBJ_102",
            "OBJ_103",
            "OBJ_104",
            "OBJ_105",
            "OBJ_106",
            "OBJ_107",
            "OBJ_108",
            "OBJ_109",
            "OBJ_110",
            "OBJ_111",
            "OBJ_112",
            "OBJ_113",
            "OBJ_114",
            "OBJ_115",
            "OBJ_116",
            "OBJ_117",
            "OBJ_118",
            "OBJ_119",
            "OBJ_120"
         );
         name = "Test Cases";
         path = "Test Cases";
         sourceTree = "<group>";
      };
      "OBJ_91" = {
         isa = "PBXFileReference";
         path = "ASN1Tests.swift";
         sourceTree = "<group>";
      };
      "OBJ_92" = {
         isa = "PBXFileReference";
         path = "ConstructedReceiptTests.swift";
         sourceTree = "<group>";
      };
      "OBJ_93" = {
         isa = "PBXFileReference";
         path = "DescriptionUtilitiesTests.swift";
         sourceTree = "<group>";
      };
      "OBJ_94" = {
         isa = "PBXFileReference";
         path = "LocalReceiptPayloadParserTests.swift";
         sourceTree = "<group>";
      };
      "OBJ_95" = {
         isa = "PBXFileReference";
         path = "LocalReceiptValidatorTests.swift";
         sourceTree = "<group>";
      };
      "OBJ_96" = {
         isa = "PBXFileReference";
         path = "LocalizedResourcesTests.swift";
         sourceTree = "<group>";
      };
      "OBJ_97" = {
         isa = "PBXFileReference";
         path = "LoggerTests.swift";
         sourceTree = "<group>";
      };
      "OBJ_98" = {
         isa = "PBXFileReference";
         path = "MerchantConfigurationTests.swift";
         sourceTree = "<group>";
      };
      "OBJ_99" = {
         isa = "PBXFileReference";
         path = "MerchantDelegateTests.swift";
         sourceTree = "<group>";
      };
   };
   rootObject = "OBJ_1";
}
